// !$*UTF8*$!
{
	archiveVersion = 1;
	classes = {
	};
	objectVersion = 77;
	objects = {

/* Begin PBXBuildFile section */
		6458CDE32E4626AF001ACBC6 /* UIVIew+Layout.swift in Sources */ = {isa = PBXBuildFile; fileRef = 6458CDE22E4626AF001ACBC6 /* UIVIew+Layout.swift */; };
		6458CDEE2E467D52001ACBC6 /* BaseViewController.swift in Sources */ = {isa = PBXBuildFile; fileRef = 6458CDED2E467D52001ACBC6 /* BaseViewController.swift */; };
		6458CDF02E467D75001ACBC6 /* BaseScrollViewController.swift in Sources */ = {isa = PBXBuildFile; fileRef = 6458CDEF2E467D75001ACBC6 /* BaseScrollViewController.swift */; };
		6458CDF32E48E7A2001ACBC6 /* AvatarView.swift in Sources */ = {isa = PBXBuildFile; fileRef = 6458CDF22E48E7A2001ACBC6 /* AvatarView.swift */; };
		6458CDF72E49DD6E001ACBC6 /* ProfileView.swift in Sources */ = {isa = PBXBuildFile; fileRef = 6458CDF62E49DD6E001ACBC6 /* ProfileView.swift */; };
		6458CDFB2E49E2F1001ACBC6 /* GalleryView.swift in Sources */ = {isa = PBXBuildFile; fileRef = 6458CDFA2E49E2F1001ACBC6 /* GalleryView.swift */; };
		6458CE072E4B3E5C001ACBC6 /* QuickActionButton.swift in Sources */ = {isa = PBXBuildFile; fileRef = 6458CE062E4B3E5C001ACBC6 /* QuickActionButton.swift */; };
		6458CE092E4B7689001ACBC6 /* DashboardViewController.swift in Sources */ = {isa = PBXBuildFile; fileRef = 6458CE082E4B7689001ACBC6 /* DashboardViewController.swift */; };
		6458CE0D2E4C82C7001ACBC6 /* AvatarPresentationModel.swift in Sources */ = {isa = PBXBuildFile; fileRef = 6458CE0C2E4C82C7001ACBC6 /* AvatarPresentationModel.swift */; };
		6458CE112E4CA03C001ACBC6 /* ProfilePresentationModel.swift in Sources */ = {isa = PBXBuildFile; fileRef = 6458CE102E4CA03C001ACBC6 /* ProfilePresentationModel.swift */; };
		6458CE142E4CA084001ACBC6 /* QuickActionButtonPresentationModel.swift in Sources */ = {isa = PBXBuildFile; fileRef = 6458CE132E4CA084001ACBC6 /* QuickActionButtonPresentationModel.swift */; };
		6458CE182E4CB38E001ACBC6 /* GalleryItemPresentationModel.swift in Sources */ = {isa = PBXBuildFile; fileRef = 6458CE172E4CB38E001ACBC6 /* GalleryItemPresentationModel.swift */; };
		6458CE242E4DFD3E001ACBC6 /* DashboardPresentationModel.swift in Sources */ = {isa = PBXBuildFile; fileRef = 6458CE232E4DFD3E001ACBC6 /* DashboardPresentationModel.swift */; };
		6458CE2C2E4E0ACA001ACBC6 /* GalleryCell.swift in Sources */ = {isa = PBXBuildFile; fileRef = 6458CE2B2E4E0ACA001ACBC6 /* GalleryCell.swift */; };
		6458CE322E4F0FB0001ACBC6 /* DashboardInteractor.swift in Sources */ = {isa = PBXBuildFile; fileRef = 6458CE312E4F0FB0001ACBC6 /* DashboardInteractor.swift */; };
		6458CE342E4F0FD8001ACBC6 /* DashboardContracts.swift in Sources */ = {isa = PBXBuildFile; fileRef = 6458CE332E4F0FD8001ACBC6 /* DashboardContracts.swift */; };
		6458CE362E4F1043001ACBC6 /* DashboardMockInteractor.swift in Sources */ = {isa = PBXBuildFile; fileRef = 6458CE352E4F1043001ACBC6 /* DashboardMockInteractor.swift */; };
		6458CE392E4F60F9001ACBC6 /* Kingfisher in Frameworks */ = {isa = PBXBuildFile; productRef = 6458CE382E4F60F9001ACBC6 /* Kingfisher */; };
		6458CE5C2E527839001ACBC6 /* APIClient.swift in Sources */ = {isa = PBXBuildFile; fileRef = 6458CE5B2E527839001ACBC6 /* APIClient.swift */; };
		6458CE602E5278E8001ACBC6 /* APIClientLive.swift in Sources */ = {isa = PBXBuildFile; fileRef = 6458CE5F2E5278E8001ACBC6 /* APIClientLive.swift */; };
		6458CE662E530857001ACBC6 /* AppLoader.swift in Sources */ = {isa = PBXBuildFile; fileRef = 6458CE652E530857001ACBC6 /* AppLoader.swift */; };
		6458CE682E530867001ACBC6 /* AppRouter.swift in Sources */ = {isa = PBXBuildFile; fileRef = 6458CE672E530867001ACBC6 /* AppRouter.swift */; };
		6458CE6C2E530AE8001ACBC6 /* DashboardFeature.swift in Sources */ = {isa = PBXBuildFile; fileRef = 6458CE6B2E530AE8001ACBC6 /* DashboardFeature.swift */; };
		6458CE6E2E530ED7001ACBC6 /* NetworkingModels.swift in Sources */ = {isa = PBXBuildFile; fileRef = 6458CE6D2E530ED7001ACBC6 /* NetworkingModels.swift */; };
		6458CE742E5349C8001ACBC6 /* Secrets.xcconfig in Resources */ = {isa = PBXBuildFile; fileRef = 6458CE732E5349C8001ACBC6 /* Secrets.xcconfig */; };
		6458CE762E535EDE001ACBC6 /* .gitignore in Resources */ = {isa = PBXBuildFile; fileRef = 6458CE752E535ED8001ACBC6 /* .gitignore */; };
/* End PBXBuildFile section */

/* Begin PBXFileReference section */
		6458CDE22E4626AF001ACBC6 /* UIVIew+Layout.swift */ = {isa = PBXFileReference; lastKnownFileType = sourcecode.swift; path = "UIVIew+Layout.swift"; sourceTree = "<group>"; };
		6458CDED2E467D52001ACBC6 /* BaseViewController.swift */ = {isa = PBXFileReference; lastKnownFileType = sourcecode.swift; path = BaseViewController.swift; sourceTree = "<group>"; };
		6458CDEF2E467D75001ACBC6 /* BaseScrollViewController.swift */ = {isa = PBXFileReference; lastKnownFileType = sourcecode.swift; path = BaseScrollViewController.swift; sourceTree = "<group>"; };
		6458CDF22E48E7A2001ACBC6 /* AvatarView.swift */ = {isa = PBXFileReference; lastKnownFileType = sourcecode.swift; path = AvatarView.swift; sourceTree = "<group>"; };
		6458CDF62E49DD6E001ACBC6 /* ProfileView.swift */ = {isa = PBXFileReference; lastKnownFileType = sourcecode.swift; path = ProfileView.swift; sourceTree = "<group>"; };
		6458CDFA2E49E2F1001ACBC6 /* GalleryView.swift */ = {isa = PBXFileReference; lastKnownFileType = sourcecode.swift; path = GalleryView.swift; sourceTree = "<group>"; };
		6458CE062E4B3E5C001ACBC6 /* QuickActionButton.swift */ = {isa = PBXFileReference; lastKnownFileType = sourcecode.swift; path = QuickActionButton.swift; sourceTree = "<group>"; };
		6458CE082E4B7689001ACBC6 /* DashboardViewController.swift */ = {isa = PBXFileReference; lastKnownFileType = sourcecode.swift; path = DashboardViewController.swift; sourceTree = "<group>"; };
		6458CE0C2E4C82C7001ACBC6 /* AvatarPresentationModel.swift */ = {isa = PBXFileReference; lastKnownFileType = sourcecode.swift; path = AvatarPresentationModel.swift; sourceTree = "<group>"; };
		6458CE102E4CA03C001ACBC6 /* ProfilePresentationModel.swift */ = {isa = PBXFileReference; lastKnownFileType = sourcecode.swift; path = ProfilePresentationModel.swift; sourceTree = "<group>"; };
		6458CE132E4CA084001ACBC6 /* QuickActionButtonPresentationModel.swift */ = {isa = PBXFileReference; lastKnownFileType = sourcecode.swift; path = QuickActionButtonPresentationModel.swift; sourceTree = "<group>"; };
		6458CE172E4CB38E001ACBC6 /* GalleryItemPresentationModel.swift */ = {isa = PBXFileReference; lastKnownFileType = sourcecode.swift; path = GalleryItemPresentationModel.swift; sourceTree = "<group>"; };
		6458CE232E4DFD3E001ACBC6 /* DashboardPresentationModel.swift */ = {isa = PBXFileReference; lastKnownFileType = sourcecode.swift; path = DashboardPresentationModel.swift; sourceTree = "<group>"; };
		6458CE2B2E4E0ACA001ACBC6 /* GalleryCell.swift */ = {isa = PBXFileReference; lastKnownFileType = sourcecode.swift; path = GalleryCell.swift; sourceTree = "<group>"; };
		6458CE312E4F0FB0001ACBC6 /* DashboardInteractor.swift */ = {isa = PBXFileReference; lastKnownFileType = sourcecode.swift; path = DashboardInteractor.swift; sourceTree = "<group>"; };
		6458CE332E4F0FD8001ACBC6 /* DashboardContracts.swift */ = {isa = PBXFileReference; lastKnownFileType = sourcecode.swift; path = DashboardContracts.swift; sourceTree = "<group>"; };
		6458CE352E4F1043001ACBC6 /* DashboardMockInteractor.swift */ = {isa = PBXFileReference; lastKnownFileType = sourcecode.swift; path = DashboardMockInteractor.swift; sourceTree = "<group>"; };
		6458CE5B2E527839001ACBC6 /* APIClient.swift */ = {isa = PBXFileReference; lastKnownFileType = sourcecode.swift; path = APIClient.swift; sourceTree = "<group>"; };
		6458CE5F2E5278E8001ACBC6 /* APIClientLive.swift */ = {isa = PBXFileReference; lastKnownFileType = sourcecode.swift; path = APIClientLive.swift; sourceTree = "<group>"; };
		6458CE652E530857001ACBC6 /* AppLoader.swift */ = {isa = PBXFileReference; lastKnownFileType = sourcecode.swift; path = AppLoader.swift; sourceTree = "<group>"; };
		6458CE672E530867001ACBC6 /* AppRouter.swift */ = {isa = PBXFileReference; lastKnownFileType = sourcecode.swift; path = AppRouter.swift; sourceTree = "<group>"; };
		6458CE6B2E530AE8001ACBC6 /* DashboardFeature.swift */ = {isa = PBXFileReference; lastKnownFileType = sourcecode.swift; path = DashboardFeature.swift; sourceTree = "<group>"; };
		6458CE6D2E530ED7001ACBC6 /* NetworkingModels.swift */ = {isa = PBXFileReference; lastKnownFileType = sourcecode.swift; path = NetworkingModels.swift; sourceTree = "<group>"; };
		6458CE732E5349C8001ACBC6 /* Secrets.xcconfig */ = {isa = PBXFileReference; lastKnownFileType = text.xcconfig; path = Secrets.xcconfig; sourceTree = "<group>"; };
		6458CE752E535ED8001ACBC6 /* .gitignore */ = {isa = PBXFileReference; lastKnownFileType = text; path = .gitignore; sourceTree = "<group>"; };
		64EE7C442E45D294009AFFE4 /* N11PeopleProject.app */ = {isa = PBXFileReference; explicitFileType = wrapper.application; includeInIndex = 0; path = N11PeopleProject.app; sourceTree = BUILT_PRODUCTS_DIR; };
/* End PBXFileReference section */

/* Begin PBXFileSystemSynchronizedBuildFileExceptionSet section */
		64EE7C562E45D297009AFFE4 /* Exceptions for "N11PeopleProject" folder in "N11PeopleProject" target */ = {
			isa = PBXFileSystemSynchronizedBuildFileExceptionSet;
			membershipExceptions = (
				Info.plist,
			);
			target = 64EE7C432E45D294009AFFE4 /* N11PeopleProject */;
		};
/* End PBXFileSystemSynchronizedBuildFileExceptionSet section */

/* Begin PBXFileSystemSynchronizedRootGroup section */
		64EE7C462E45D294009AFFE4 /* N11PeopleProject */ = {
			isa = PBXFileSystemSynchronizedRootGroup;
			exceptions = (
				64EE7C562E45D297009AFFE4 /* Exceptions for "N11PeopleProject" folder in "N11PeopleProject" target */,
			);
			path = N11PeopleProject;
			sourceTree = "<group>";
		};
/* End PBXFileSystemSynchronizedRootGroup section */

/* Begin PBXFrameworksBuildPhase section */
		64EE7C412E45D294009AFFE4 /* Frameworks */ = {
			isa = PBXFrameworksBuildPhase;
			buildActionMask = 2147483647;
			files = (
				6458CE392E4F60F9001ACBC6 /* Kingfisher in Frameworks */,
			);
			runOnlyForDeploymentPostprocessing = 0;
		};
/* End PBXFrameworksBuildPhase section */

/* Begin PBXGroup section */
		6458CDE12E462696001ACBC6 /* Extensions */ = {
			isa = PBXGroup;
			children = (
				6458CDE22E4626AF001ACBC6 /* UIVIew+Layout.swift */,
			);
			path = Extensions;
			sourceTree = "<group>";
		};
		6458CDEB2E467C87001ACBC6 /* Core */ = {
			isa = PBXGroup;
			children = (
				6458CE582E527765001ACBC6 /* Networking */,
				6458CDF12E48E77F001ACBC6 /* UIComponents */,
				6458CDEC2E467CB0001ACBC6 /* Base */,
				6458CDE12E462696001ACBC6 /* Extensions */,
			);
			path = Core;
			sourceTree = "<group>";
		};
		6458CDEC2E467CB0001ACBC6 /* Base */ = {
			isa = PBXGroup;
			children = (
				6458CDED2E467D52001ACBC6 /* BaseViewController.swift */,
				6458CDEF2E467D75001ACBC6 /* BaseScrollViewController.swift */,
			);
			path = Base;
			sourceTree = "<group>";
		};
		6458CDF12E48E77F001ACBC6 /* UIComponents */ = {
			isa = PBXGroup;
			children = (
				6458CE152E4CA08A001ACBC6 /* GalleryView */,
				6458CE122E4CA066001ACBC6 /* QuickActionButtonView */,
				6458CE0F2E4CA026001ACBC6 /* ProfileView */,
				6458CE0E2E4C831D001ACBC6 /* AvatarView */,
			);
			path = UIComponents;
			sourceTree = "<group>";
		};
		6458CE0E2E4C831D001ACBC6 /* AvatarView */ = {
			isa = PBXGroup;
			children = (
				6458CDF22E48E7A2001ACBC6 /* AvatarView.swift */,
				6458CE0C2E4C82C7001ACBC6 /* AvatarPresentationModel.swift */,
			);
			path = AvatarView;
			sourceTree = "<group>";
		};
		6458CE0F2E4CA026001ACBC6 /* ProfileView */ = {
			isa = PBXGroup;
			children = (
				6458CDF62E49DD6E001ACBC6 /* ProfileView.swift */,
				6458CE102E4CA03C001ACBC6 /* ProfilePresentationModel.swift */,
			);
			path = ProfileView;
			sourceTree = "<group>";
		};
		6458CE122E4CA066001ACBC6 /* QuickActionButtonView */ = {
			isa = PBXGroup;
			children = (
				6458CE062E4B3E5C001ACBC6 /* QuickActionButton.swift */,
				6458CE132E4CA084001ACBC6 /* QuickActionButtonPresentationModel.swift */,
			);
			path = QuickActionButtonView;
			sourceTree = "<group>";
		};
		6458CE152E4CA08A001ACBC6 /* GalleryView */ = {
			isa = PBXGroup;
			children = (
				6458CE2A2E4E0A9B001ACBC6 /* Cells */,
				6458CDFA2E49E2F1001ACBC6 /* GalleryView.swift */,
				6458CE172E4CB38E001ACBC6 /* GalleryItemPresentationModel.swift */,
			);
			path = GalleryView;
			sourceTree = "<group>";
		};
		6458CE2A2E4E0A9B001ACBC6 /* Cells */ = {
			isa = PBXGroup;
			children = (
				6458CE2B2E4E0ACA001ACBC6 /* GalleryCell.swift */,
			);
			path = Cells;
			sourceTree = "<group>";
		};
		6458CE582E527765001ACBC6 /* Networking */ = {
			isa = PBXGroup;
			children = (
				6458CE5B2E527839001ACBC6 /* APIClient.swift */,
				6458CE5F2E5278E8001ACBC6 /* APIClientLive.swift */,
				6458CE6D2E530ED7001ACBC6 /* NetworkingModels.swift */,
			);
			path = Networking;
			sourceTree = "<group>";
		};
		6458CE642E530846001ACBC6 /* App */ = {
			isa = PBXGroup;
			children = (
				6458CE652E530857001ACBC6 /* AppLoader.swift */,
				6458CE672E530867001ACBC6 /* AppRouter.swift */,
			);
			path = App;
			sourceTree = "<group>";
		};
		64EE7C3B2E45D294009AFFE4 = {
			isa = PBXGroup;
			children = (
				6458CE752E535ED8001ACBC6 /* .gitignore */,
				6458CE732E5349C8001ACBC6 /* Secrets.xcconfig */,
				6458CE642E530846001ACBC6 /* App */,
				6458CDEB2E467C87001ACBC6 /* Core */,
				64EE7C5C2E45DD34009AFFE4 /* Modules */,
				64EE7C462E45D294009AFFE4 /* N11PeopleProject */,
				64EE7C452E45D294009AFFE4 /* Products */,
			);
			sourceTree = "<group>";
		};
		64EE7C452E45D294009AFFE4 /* Products */ = {
			isa = PBXGroup;
			children = (
				64EE7C442E45D294009AFFE4 /* N11PeopleProject.app */,
			);
			name = Products;
			sourceTree = "<group>";
		};
		64EE7C5C2E45DD34009AFFE4 /* Modules */ = {
			isa = PBXGroup;
			children = (
				64EE7C5D2E45DD75009AFFE4 /* Dashboard */,
			);
			path = Modules;
			sourceTree = "<group>";
		};
		64EE7C5D2E45DD75009AFFE4 /* Dashboard */ = {
			isa = PBXGroup;
			children = (
				6458CE082E4B7689001ACBC6 /* DashboardViewController.swift */,
				6458CE352E4F1043001ACBC6 /* DashboardMockInteractor.swift */,
				6458CE312E4F0FB0001ACBC6 /* DashboardInteractor.swift */,
				6458CE232E4DFD3E001ACBC6 /* DashboardPresentationModel.swift */,
				6458CE332E4F0FD8001ACBC6 /* DashboardContracts.swift */,
				6458CE6B2E530AE8001ACBC6 /* DashboardFeature.swift */,
			);
			path = Dashboard;
			sourceTree = "<group>";
		};
/* End PBXGroup section */

/* Begin PBXNativeTarget section */
		64EE7C432E45D294009AFFE4 /* N11PeopleProject */ = {
			isa = PBXNativeTarget;
			buildConfigurationList = 64EE7C572E45D297009AFFE4 /* Build configuration list for PBXNativeTarget "N11PeopleProject" */;
			buildPhases = (
				64EE7C402E45D294009AFFE4 /* Sources */,
				64EE7C412E45D294009AFFE4 /* Frameworks */,
				64EE7C422E45D294009AFFE4 /* Resources */,
			);
			buildRules = (
			);
			dependencies = (
			);
			fileSystemSynchronizedGroups = (
				64EE7C462E45D294009AFFE4 /* N11PeopleProject */,
			);
			name = N11PeopleProject;
			packageProductDependencies = (
				6458CE382E4F60F9001ACBC6 /* Kingfisher */,
			);
			productName = N11PeopleProject;
			productReference = 64EE7C442E45D294009AFFE4 /* N11PeopleProject.app */;
			productType = "com.apple.product-type.application";
		};
/* End PBXNativeTarget section */

/* Begin PBXProject section */
		64EE7C3C2E45D294009AFFE4 /* Project object */ = {
			isa = PBXProject;
			attributes = {
				BuildIndependentTargetsInParallel = 1;
				LastSwiftUpdateCheck = 1640;
				LastUpgradeCheck = 1640;
				TargetAttributes = {
					64EE7C432E45D294009AFFE4 = {
						CreatedOnToolsVersion = 16.4;
					};
				};
			};
			buildConfigurationList = 64EE7C3F2E45D294009AFFE4 /* Build configuration list for PBXProject "N11PeopleProject" */;
			developmentRegion = en;
			hasScannedForEncodings = 0;
			knownRegions = (
				en,
				Base,
			);
			mainGroup = 64EE7C3B2E45D294009AFFE4;
			minimizedProjectReferenceProxies = 1;
			packageReferences = (
				6458CE372E4F60F9001ACBC6 /* XCRemoteSwiftPackageReference "Kingfisher" */,
			);
			preferredProjectObjectVersion = 77;
			productRefGroup = 64EE7C452E45D294009AFFE4 /* Products */;
			projectDirPath = "";
			projectRoot = "";
			targets = (
				64EE7C432E45D294009AFFE4 /* N11PeopleProject */,
			);
		};
/* End PBXProject section */

/* Begin PBXResourcesBuildPhase section */
		64EE7C422E45D294009AFFE4 /* Resources */ = {
			isa = PBXResourcesBuildPhase;
			buildActionMask = 2147483647;
			files = (
				6458CE762E535EDE001ACBC6 /* .gitignore in Resources */,
				6458CE742E5349C8001ACBC6 /* Secrets.xcconfig in Resources */,
			);
			runOnlyForDeploymentPostprocessing = 0;
		};
/* End PBXResourcesBuildPhase section */

/* Begin PBXSourcesBuildPhase section */
		64EE7C402E45D294009AFFE4 /* Sources */ = {
			isa = PBXSourcesBuildPhase;
			buildActionMask = 2147483647;
			files = (
				6458CE242E4DFD3E001ACBC6 /* DashboardPresentationModel.swift in Sources */,
				6458CE6C2E530AE8001ACBC6 /* DashboardFeature.swift in Sources */,
				6458CDF72E49DD6E001ACBC6 /* ProfileView.swift in Sources */,
				6458CDE32E4626AF001ACBC6 /* UIVIew+Layout.swift in Sources */,
				6458CE0D2E4C82C7001ACBC6 /* AvatarPresentationModel.swift in Sources */,
				6458CE342E4F0FD8001ACBC6 /* DashboardContracts.swift in Sources */,
				6458CE5C2E527839001ACBC6 /* APIClient.swift in Sources */,
				6458CE6E2E530ED7001ACBC6 /* NetworkingModels.swift in Sources */,
				6458CE682E530867001ACBC6 /* AppRouter.swift in Sources */,
				6458CE112E4CA03C001ACBC6 /* ProfilePresentationModel.swift in Sources */,
				6458CE182E4CB38E001ACBC6 /* GalleryItemPresentationModel.swift in Sources */,
				6458CDF02E467D75001ACBC6 /* BaseScrollViewController.swift in Sources */,
				6458CDF32E48E7A2001ACBC6 /* AvatarView.swift in Sources */,
				6458CE322E4F0FB0001ACBC6 /* DashboardInteractor.swift in Sources */,
				6458CE072E4B3E5C001ACBC6 /* QuickActionButton.swift in Sources */,
				6458CE092E4B7689001ACBC6 /* DashboardViewController.swift in Sources */,
				6458CE602E5278E8001ACBC6 /* APIClientLive.swift in Sources */,
				6458CE2C2E4E0ACA001ACBC6 /* GalleryCell.swift in Sources */,
				6458CE362E4F1043001ACBC6 /* DashboardMockInteractor.swift in Sources */,
				6458CDFB2E49E2F1001ACBC6 /* GalleryView.swift in Sources */,
				6458CDEE2E467D52001ACBC6 /* BaseViewController.swift in Sources */,
				6458CE142E4CA084001ACBC6 /* QuickActionButtonPresentationModel.swift in Sources */,
				6458CE662E530857001ACBC6 /* AppLoader.swift in Sources */,
			);
			runOnlyForDeploymentPostprocessing = 0;
		};
/* End PBXSourcesBuildPhase section */

/* Begin XCBuildConfiguration section */
		64EE7C582E45D297009AFFE4 /* Debug */ = {
			isa = XCBuildConfiguration;
			baseConfigurationReference = 6458CE732E5349C8001ACBC6 /* Secrets.xcconfig */;
			buildSettings = {
				ASSETCATALOG_COMPILER_APPICON_NAME = AppIcon;
				ASSETCATALOG_COMPILER_GLOBAL_ACCENT_COLOR_NAME = AccentColor;
				CODE_SIGN_STYLE = Automatic;
				CURRENT_PROJECT_VERSION = 1;
				DEVELOPMENT_TEAM = F8M7VY722P;
				GENERATE_INFOPLIST_FILE = YES;
				INFOPLIST_FILE = N11PeopleProject/Info.plist;
				INFOPLIST_KEY_UIApplicationSupportsIndirectInputEvents = YES;
				INFOPLIST_KEY_UILaunchStoryboardName = LaunchScreen;
				INFOPLIST_KEY_UIMainStoryboardFile = "";
				INFOPLIST_KEY_UIStatusBarStyle = "";
				INFOPLIST_KEY_UISupportedInterfaceOrientations_iPad = "UIInterfaceOrientationPortrait UIInterfaceOrientationPortraitUpsideDown UIInterfaceOrientationLandscapeLeft UIInterfaceOrientationLandscapeRight";
				INFOPLIST_KEY_UISupportedInterfaceOrientations_iPhone = "UIInterfaceOrientationPortrait UIInterfaceOrientationLandscapeLeft UIInterfaceOrientationLandscapeRight";
				IPHONEOS_DEPLOYMENT_TARGET = 16.6;
				LD_RUNPATH_SEARCH_PATHS = (
					"$(inherited)",
					"@executable_path/Frameworks",
				);
				MARKETING_VERSION = 1.0;
				PRODUCT_BUNDLE_IDENTIFIER = iremkarakaplan.N11PeopleProject;
				PRODUCT_NAME = "$(TARGET_NAME)";
				SUPPORTED_PLATFORMS = "iphoneos iphonesimulator";
				SUPPORTS_MACCATALYST = NO;
				SUPPORTS_MAC_DESIGNED_FOR_IPHONE_IPAD = NO;
				SUPPORTS_XR_DESIGNED_FOR_IPHONE_IPAD = NO;
				SWIFT_EMIT_LOC_STRINGS = YES;
				SWIFT_VERSION = 5.0;
				TARGETED_DEVICE_FAMILY = 1;
			};
			name = Debug;
		};
		64EE7C592E45D297009AFFE4 /* Release */ = {
			isa = XCBuildConfiguration;
			baseConfigurationReference = 6458CE732E5349C8001ACBC6 /* Secrets.xcconfig */;
			buildSettings = {
				ASSETCATALOG_COMPILER_APPICON_NAME = AppIcon;
				ASSETCATALOG_COMPILER_GLOBAL_ACCENT_COLOR_NAME = AccentColor;
				CODE_SIGN_STYLE = Automatic;
				CURRENT_PROJECT_VERSION = 1;
				DEVELOPMENT_TEAM = F8M7VY722P;
				GENERATE_INFOPLIST_FILE = YES;
				INFOPLIST_FILE = N11PeopleProject/Info.plist;
				INFOPLIST_KEY_UIApplicationSupportsIndirectInputEvents = YES;
				INFOPLIST_KEY_UILaunchStoryboardName = LaunchScreen;
				INFOPLIST_KEY_UIMainStoryboardFile = "";
				INFOPLIST_KEY_UIStatusBarStyle = "";
				INFOPLIST_KEY_UISupportedInterfaceOrientations_iPad = "UIInterfaceOrientationPortrait UIInterfaceOrientationPortraitUpsideDown UIInterfaceOrientationLandscapeLeft UIInterfaceOrientationLandscapeRight";
				INFOPLIST_KEY_UISupportedInterfaceOrientations_iPhone = "UIInterfaceOrientationPortrait UIInterfaceOrientationLandscapeLeft UIInterfaceOrientationLandscapeRight";
				IPHONEOS_DEPLOYMENT_TARGET = 16.6;
				LD_RUNPATH_SEARCH_PATHS = (
					"$(inherited)",
					"@executable_path/Frameworks",
				);
				MARKETING_VERSION = 1.0;
				PRODUCT_BUNDLE_IDENTIFIER = iremkarakaplan.N11PeopleProject;
				PRODUCT_NAME = "$(TARGET_NAME)";
				SUPPORTED_PLATFORMS = "iphoneos iphonesimulator";
				SUPPORTS_MACCATALYST = NO;
				SUPPORTS_MAC_DESIGNED_FOR_IPHONE_IPAD = NO;
				SUPPORTS_XR_DESIGNED_FOR_IPHONE_IPAD = NO;
				SWIFT_EMIT_LOC_STRINGS = YES;
				SWIFT_VERSION = 5.0;
				TARGETED_DEVICE_FAMILY = 1;
			};
			name = Release;
		};
		64EE7C5A2E45D297009AFFE4 /* Debug */ = {
			isa = XCBuildConfiguration;
			baseConfigurationReference = 6458CE732E5349C8001ACBC6 /* Secrets.xcconfig */;
			buildSettings = {
				ALWAYS_SEARCH_USER_PATHS = NO;
				ASSETCATALOG_COMPILER_GENERATE_SWIFT_ASSET_SYMBOL_EXTENSIONS = YES;
				CLANG_ANALYZER_NONNULL = YES;
				CLANG_ANALYZER_NUMBER_OBJECT_CONVERSION = YES_AGGRESSIVE;
				CLANG_CXX_LANGUAGE_STANDARD = "gnu++20";
				CLANG_ENABLE_MODULES = YES;
				CLANG_ENABLE_OBJC_ARC = YES;
				CLANG_ENABLE_OBJC_WEAK = YES;
				CLANG_WARN_BLOCK_CAPTURE_AUTORELEASING = YES;
				CLANG_WARN_BOOL_CONVERSION = YES;
				CLANG_WARN_COMMA = YES;
				CLANG_WARN_CONSTANT_CONVERSION = YES;
				CLANG_WARN_DEPRECATED_OBJC_IMPLEMENTATIONS = YES;
				CLANG_WARN_DIRECT_OBJC_ISA_USAGE = YES_ERROR;
				CLANG_WARN_DOCUMENTATION_COMMENTS = YES;
				CLANG_WARN_EMPTY_BODY = YES;
				CLANG_WARN_ENUM_CONVERSION = YES;
				CLANG_WARN_INFINITE_RECURSION = YES;
				CLANG_WARN_INT_CONVERSION = YES;
				CLANG_WARN_NON_LITERAL_NULL_CONVERSION = YES;
				CLANG_WARN_OBJC_IMPLICIT_RETAIN_SELF = YES;
				CLANG_WARN_OBJC_LITERAL_CONVERSION = YES;
				CLANG_WARN_OBJC_ROOT_CLASS = YES_ERROR;
				CLANG_WARN_QUOTED_INCLUDE_IN_FRAMEWORK_HEADER = YES;
				CLANG_WARN_RANGE_LOOP_ANALYSIS = YES;
				CLANG_WARN_STRICT_PROTOTYPES = YES;
				CLANG_WARN_SUSPICIOUS_MOVE = YES;
				CLANG_WARN_UNGUARDED_AVAILABILITY = YES_AGGRESSIVE;
				CLANG_WARN_UNREACHABLE_CODE = YES;
				CLANG_WARN__DUPLICATE_METHOD_MATCH = YES;
				COPY_PHASE_STRIP = NO;
				DEBUG_INFORMATION_FORMAT = dwarf;
				DEVELOPMENT_TEAM = F8M7VY722P;
				ENABLE_STRICT_OBJC_MSGSEND = YES;
				ENABLE_TESTABILITY = YES;
				ENABLE_USER_SCRIPT_SANDBOXING = YES;
				GCC_C_LANGUAGE_STANDARD = gnu17;
				GCC_DYNAMIC_NO_PIC = NO;
				GCC_NO_COMMON_BLOCKS = YES;
				GCC_OPTIMIZATION_LEVEL = 0;
				GCC_PREPROCESSOR_DEFINITIONS = (
					"DEBUG=1",
					"$(inherited)",
				);
				GCC_WARN_64_TO_32_BIT_CONVERSION = YES;
				GCC_WARN_ABOUT_RETURN_TYPE = YES_ERROR;
				GCC_WARN_UNDECLARED_SELECTOR = YES;
				GCC_WARN_UNINITIALIZED_AUTOS = YES_AGGRESSIVE;
				GCC_WARN_UNUSED_FUNCTION = YES;
				GCC_WARN_UNUSED_VARIABLE = YES;
				IPHONEOS_DEPLOYMENT_TARGET = 18.5;
				LOCALIZATION_PREFERS_STRING_CATALOGS = YES;
				MTL_ENABLE_DEBUG_INFO = INCLUDE_SOURCE;
				MTL_FAST_MATH = YES;
				ONLY_ACTIVE_ARCH = YES;
				SDKROOT = iphoneos;
				SWIFT_ACTIVE_COMPILATION_CONDITIONS = "DEBUG $(inherited)";
				SWIFT_OPTIMIZATION_LEVEL = "-Onone";
			};
			name = Debug;
		};
		64EE7C5B2E45D297009AFFE4 /* Release */ = {
			isa = XCBuildConfiguration;
			baseConfigurationReference = 6458CE732E5349C8001ACBC6 /* Secrets.xcconfig */;
			buildSettings = {
				ALWAYS_SEARCH_USER_PATHS = NO;
				ASSETCATALOG_COMPILER_GENERATE_SWIFT_ASSET_SYMBOL_EXTENSIONS = YES;
				CLANG_ANALYZER_NONNULL = YES;
				CLANG_ANALYZER_NUMBER_OBJECT_CONVERSION = YES_AGGRESSIVE;
				CLANG_CXX_LANGUAGE_STANDARD = "gnu++20";
				CLANG_ENABLE_MODULES = YES;
				CLANG_ENABLE_OBJC_ARC = YES;
				CLANG_ENABLE_OBJC_WEAK = YES;
				CLANG_WARN_BLOCK_CAPTURE_AUTORELEASING = YES;
				CLANG_WARN_BOOL_CONVERSION = YES;
				CLANG_WARN_COMMA = YES;
				CLANG_WARN_CONSTANT_CONVERSION = YES;
				CLANG_WARN_DEPRECATED_OBJC_IMPLEMENTATIONS = YES;
				CLANG_WARN_DIRECT_OBJC_ISA_USAGE = YES_ERROR;
				CLANG_WARN_DOCUMENTATION_COMMENTS = YES;
				CLANG_WARN_EMPTY_BODY = YES;
				CLANG_WARN_ENUM_CONVERSION = YES;
				CLANG_WARN_INFINITE_RECURSION = YES;
				CLANG_WARN_INT_CONVERSION = YES;
				CLANG_WARN_NON_LITERAL_NULL_CONVERSION = YES;
				CLANG_WARN_OBJC_IMPLICIT_RETAIN_SELF = YES;
				CLANG_WARN_OBJC_LITERAL_CONVERSION = YES;
				CLANG_WARN_OBJC_ROOT_CLASS = YES_ERROR;
				CLANG_WARN_QUOTED_INCLUDE_IN_FRAMEWORK_HEADER = YES;
				CLANG_WARN_RANGE_LOOP_ANALYSIS = YES;
				CLANG_WARN_STRICT_PROTOTYPES = YES;
				CLANG_WARN_SUSPICIOUS_MOVE = YES;
				CLANG_WARN_UNGUARDED_AVAILABILITY = YES_AGGRESSIVE;
				CLANG_WARN_UNREACHABLE_CODE = YES;
				CLANG_WARN__DUPLICATE_METHOD_MATCH = YES;
				COPY_PHASE_STRIP = NO;
				DEBUG_INFORMATION_FORMAT = "dwarf-with-dsym";
				DEVELOPMENT_TEAM = F8M7VY722P;
				ENABLE_NS_ASSERTIONS = NO;
				ENABLE_STRICT_OBJC_MSGSEND = YES;
				ENABLE_USER_SCRIPT_SANDBOXING = YES;
				GCC_C_LANGUAGE_STANDARD = gnu17;
				GCC_NO_COMMON_BLOCKS = YES;
				GCC_WARN_64_TO_32_BIT_CONVERSION = YES;
				GCC_WARN_ABOUT_RETURN_TYPE = YES_ERROR;
				GCC_WARN_UNDECLARED_SELECTOR = YES;
				GCC_WARN_UNINITIALIZED_AUTOS = YES_AGGRESSIVE;
				GCC_WARN_UNUSED_FUNCTION = YES;
				GCC_WARN_UNUSED_VARIABLE = YES;
				IPHONEOS_DEPLOYMENT_TARGET = 18.5;
				LOCALIZATION_PREFERS_STRING_CATALOGS = YES;
				MTL_ENABLE_DEBUG_INFO = NO;
				MTL_FAST_MATH = YES;
				SDKROOT = iphoneos;
				SWIFT_COMPILATION_MODE = wholemodule;
				VALIDATE_PRODUCT = YES;
			};
			name = Release;
		};
/* End XCBuildConfiguration section */

/* Begin XCConfigurationList section */
		64EE7C3F2E45D294009AFFE4 /* Build configuration list for PBXProject "N11PeopleProject" */ = {
			isa = XCConfigurationList;
			buildConfigurations = (
				64EE7C5A2E45D297009AFFE4 /* Debug */,
				64EE7C5B2E45D297009AFFE4 /* Release */,
			);
			defaultConfigurationIsVisible = 0;
			defaultConfigurationName = Release;
		};
		64EE7C572E45D297009AFFE4 /* Build configuration list for PBXNativeTarget "N11PeopleProject" */ = {
			isa = XCConfigurationList;
			buildConfigurations = (
				64EE7C582E45D297009AFFE4 /* Debug */,
				64EE7C592E45D297009AFFE4 /* Release */,
			);
			defaultConfigurationIsVisible = 0;
			defaultConfigurationName = Release;
		};
/* End XCConfigurationList section */

/* Begin XCRemoteSwiftPackageReference section */
		6458CE372E4F60F9001ACBC6 /* XCRemoteSwiftPackageReference "Kingfisher" */ = {
			isa = XCRemoteSwiftPackageReference;
			repositoryURL = "https://github.com/onevcat/Kingfisher";
			requirement = {
				kind = upToNextMajorVersion;
				minimumVersion = 8.5.0;
			};
		};
/* End XCRemoteSwiftPackageReference section */

/* Begin XCSwiftPackageProductDependency section */
		6458CE382E4F60F9001ACBC6 /* Kingfisher */ = {
			isa = XCSwiftPackageProductDependency;
			package = 6458CE372E4F60F9001ACBC6 /* XCRemoteSwiftPackageReference "Kingfisher" */;
			productName = Kingfisher;
		};
/* End XCSwiftPackageProductDependency section */
	};
	rootObject = 64EE7C3C2E45D294009AFFE4 /* Project object */;
}
