// !$*UTF8*$!
{
	archiveVersion = 1;
	classes = {
	};
	objectVersion = 77;
	objects = {

/* Begin PBXBuildFile section */
		644ECC252E70B76800AE4A74 /* EmptyStateView.swift in Sources */ = {isa = PBXBuildFile; fileRef = 644ECC232E70B76800AE4A74 /* EmptyStateView.swift */; };
		644ECC262E70B76800AE4A74 /* EmptyStatePresentationModel.swift in Sources */ = {isa = PBXBuildFile; fileRef = 644ECC222E70B76800AE4A74 /* EmptyStatePresentationModel.swift */; };
		644ECC2D2E70B76F00AE4A74 /* UserFavoritesRouter.swift in Sources */ = {isa = PBXBuildFile; fileRef = 644ECC272E70B76F00AE4A74 /* UserFavoritesRouter.swift */; };
		644ECC2E2E70B76F00AE4A74 /* UserFavoritesViewController.swift in Sources */ = {isa = PBXBuildFile; fileRef = 644ECC282E70B76F00AE4A74 /* UserFavoritesViewController.swift */; };
		644ECC2F2E70B76F00AE4A74 /* UserFavoritesPresenter.swift in Sources */ = {isa = PBXBuildFile; fileRef = 644ECC292E70B76F00AE4A74 /* UserFavoritesPresenter.swift */; };
		644ECC302E70B76F00AE4A74 /* UserFavoritesContracts.swift in Sources */ = {isa = PBXBuildFile; fileRef = 644ECC2B2E70B76F00AE4A74 /* UserFavoritesContracts.swift */; };
		644ECC312E70B76F00AE4A74 /* UserFavoritesInteractor.swift in Sources */ = {isa = PBXBuildFile; fileRef = 644ECC2A2E70B76F00AE4A74 /* UserFavoritesInteractor.swift */; };
		644ECC332E7149B100AE4A74 /* GitHubTokenResponse.swift in Sources */ = {isa = PBXBuildFile; fileRef = 644ECC322E7149B100AE4A74 /* GitHubTokenResponse.swift */; };
		644ECC362E714A3500AE4A74 /* LoginContracts.swift in Sources */ = {isa = PBXBuildFile; fileRef = 644ECC352E714A3500AE4A74 /* LoginContracts.swift */; };
		644ECC382E714A5500AE4A74 /* LoginInteractor.swift in Sources */ = {isa = PBXBuildFile; fileRef = 644ECC372E714A5500AE4A74 /* LoginInteractor.swift */; };
		644ECC3A2E714A6B00AE4A74 /* LoginPresenter.swift in Sources */ = {isa = PBXBuildFile; fileRef = 644ECC392E714A6B00AE4A74 /* LoginPresenter.swift */; };
		644ECC3C2E714A8300AE4A74 /* LoginViewController.swift in Sources */ = {isa = PBXBuildFile; fileRef = 644ECC3B2E714A8300AE4A74 /* LoginViewController.swift */; };
		644ECC3E2E714AFF00AE4A74 /* LoginRouter.swift in Sources */ = {isa = PBXBuildFile; fileRef = 644ECC3D2E714AFF00AE4A74 /* LoginRouter.swift */; };
		644ECC412E715B8E00AE4A74 /* KeychainSwift in Frameworks */ = {isa = PBXBuildFile; productRef = 644ECC402E715B8E00AE4A74 /* KeychainSwift */; };
		644ECC452E7168C500AE4A74 /* LoginPresentationModel.swift in Sources */ = {isa = PBXBuildFile; fileRef = 644ECC442E7168C500AE4A74 /* LoginPresentationModel.swift */; };
		644ECC4E2E72AAD800AE4A74 /* WelcomeViewController.swift in Sources */ = {isa = PBXBuildFile; fileRef = 644ECC4D2E72AAD800AE4A74 /* WelcomeViewController.swift */; };
		6458CDE32E4626AF001ACBC6 /* UIVIew+Layout.swift in Sources */ = {isa = PBXBuildFile; fileRef = 6458CDE22E4626AF001ACBC6 /* UIVIew+Layout.swift */; };
		6458CDEE2E467D52001ACBC6 /* BaseViewController.swift in Sources */ = {isa = PBXBuildFile; fileRef = 6458CDED2E467D52001ACBC6 /* BaseViewController.swift */; };
		6458CDF02E467D75001ACBC6 /* BaseScrollViewController.swift in Sources */ = {isa = PBXBuildFile; fileRef = 6458CDEF2E467D75001ACBC6 /* BaseScrollViewController.swift */; };
		6458CDF32E48E7A2001ACBC6 /* AvatarView.swift in Sources */ = {isa = PBXBuildFile; fileRef = 6458CDF22E48E7A2001ACBC6 /* AvatarView.swift */; };
		6458CDF72E49DD6E001ACBC6 /* ProfileView.swift in Sources */ = {isa = PBXBuildFile; fileRef = 6458CDF62E49DD6E001ACBC6 /* ProfileView.swift */; };
		6458CDFB2E49E2F1001ACBC6 /* GalleryView.swift in Sources */ = {isa = PBXBuildFile; fileRef = 6458CDFA2E49E2F1001ACBC6 /* GalleryView.swift */; };
		6458CE072E4B3E5C001ACBC6 /* QuickActionButton.swift in Sources */ = {isa = PBXBuildFile; fileRef = 6458CE062E4B3E5C001ACBC6 /* QuickActionButton.swift */; };
		6458CE092E4B7689001ACBC6 /* DashboardViewController.swift in Sources */ = {isa = PBXBuildFile; fileRef = 6458CE082E4B7689001ACBC6 /* DashboardViewController.swift */; };
		6458CE0D2E4C82C7001ACBC6 /* AvatarPresentationModel.swift in Sources */ = {isa = PBXBuildFile; fileRef = 6458CE0C2E4C82C7001ACBC6 /* AvatarPresentationModel.swift */; };
		6458CE112E4CA03C001ACBC6 /* ProfilePresentationModel.swift in Sources */ = {isa = PBXBuildFile; fileRef = 6458CE102E4CA03C001ACBC6 /* ProfilePresentationModel.swift */; };
		6458CE142E4CA084001ACBC6 /* QuickActionButtonPresentationModel.swift in Sources */ = {isa = PBXBuildFile; fileRef = 6458CE132E4CA084001ACBC6 /* QuickActionButtonPresentationModel.swift */; };
		6458CE182E4CB38E001ACBC6 /* GalleryItemPresentationModel.swift in Sources */ = {isa = PBXBuildFile; fileRef = 6458CE172E4CB38E001ACBC6 /* GalleryItemPresentationModel.swift */; };
		6458CE242E4DFD3E001ACBC6 /* DashboardPresentationModel.swift in Sources */ = {isa = PBXBuildFile; fileRef = 6458CE232E4DFD3E001ACBC6 /* DashboardPresentationModel.swift */; };
		6458CE2C2E4E0ACA001ACBC6 /* GalleryCell.swift in Sources */ = {isa = PBXBuildFile; fileRef = 6458CE2B2E4E0ACA001ACBC6 /* GalleryCell.swift */; };
		6458CE322E4F0FB0001ACBC6 /* DashboardInteractor.swift in Sources */ = {isa = PBXBuildFile; fileRef = 6458CE312E4F0FB0001ACBC6 /* DashboardInteractor.swift */; };
		6458CE342E4F0FD8001ACBC6 /* DashboardContracts.swift in Sources */ = {isa = PBXBuildFile; fileRef = 6458CE332E4F0FD8001ACBC6 /* DashboardContracts.swift */; };
		6458CE362E4F1043001ACBC6 /* DashboardMockInteractor.swift in Sources */ = {isa = PBXBuildFile; fileRef = 6458CE352E4F1043001ACBC6 /* DashboardMockInteractor.swift */; };
		6458CE392E4F60F9001ACBC6 /* Kingfisher in Frameworks */ = {isa = PBXBuildFile; productRef = 6458CE382E4F60F9001ACBC6 /* Kingfisher */; };
		6458CE5C2E527839001ACBC6 /* APIClient.swift in Sources */ = {isa = PBXBuildFile; fileRef = 6458CE5B2E527839001ACBC6 /* APIClient.swift */; };
		6458CE602E5278E8001ACBC6 /* APIClientLive.swift in Sources */ = {isa = PBXBuildFile; fileRef = 6458CE5F2E5278E8001ACBC6 /* APIClientLive.swift */; };
		6458CE662E530857001ACBC6 /* AppLoader.swift in Sources */ = {isa = PBXBuildFile; fileRef = 6458CE652E530857001ACBC6 /* AppLoader.swift */; };
		6458CE682E530867001ACBC6 /* AppRouter.swift in Sources */ = {isa = PBXBuildFile; fileRef = 6458CE672E530867001ACBC6 /* AppRouter.swift */; };
		6458CE6E2E530ED7001ACBC6 /* NetworkingModels.swift in Sources */ = {isa = PBXBuildFile; fileRef = 6458CE6D2E530ED7001ACBC6 /* NetworkingModels.swift */; };
		6458CE742E5349C8001ACBC6 /* Secrets.xcconfig in Resources */ = {isa = PBXBuildFile; fileRef = 6458CE732E5349C8001ACBC6 /* Secrets.xcconfig */; };
		6458CE762E535EDE001ACBC6 /* .gitignore in Resources */ = {isa = PBXBuildFile; fileRef = 6458CE752E535ED8001ACBC6 /* .gitignore */; };
		6458CE922E56F06B001ACBC6 /* User.swift in Sources */ = {isa = PBXBuildFile; fileRef = 6458CE912E56F06B001ACBC6 /* User.swift */; };
		6458CE942E56F0AB001ACBC6 /* UserSearchResponse.swift in Sources */ = {isa = PBXBuildFile; fileRef = 6458CE932E56F0AB001ACBC6 /* UserSearchResponse.swift */; };
		648CCD922E5C7959000496DF /* DashboardPresenter.swift in Sources */ = {isa = PBXBuildFile; fileRef = 648CCD912E5C7959000496DF /* DashboardPresenter.swift */; };
		6493A35C2E5F19EF00838779 /* DashboardRouter.swift in Sources */ = {isa = PBXBuildFile; fileRef = 6493A35B2E5F19EE00838779 /* DashboardRouter.swift */; };
		64AADB5B2E58517C00101001 /* ErrorView.swift in Sources */ = {isa = PBXBuildFile; fileRef = 64AADB5A2E58517C00101001 /* ErrorView.swift */; };
		64BFAE222E5730B9005B9713 /* ErrorPresentationModel.swift in Sources */ = {isa = PBXBuildFile; fileRef = 64BFAE212E5730B9005B9713 /* ErrorPresentationModel.swift */; };
		64DF303B2E602F0A00A5CF24 /* DashboardBuilder.swift in Sources */ = {isa = PBXBuildFile; fileRef = 64DF303A2E602F0A00A5CF24 /* DashboardBuilder.swift */; };
		64DF303E2E60734C00A5CF24 /* UserListContracts.swift in Sources */ = {isa = PBXBuildFile; fileRef = 64DF303D2E60734C00A5CF24 /* UserListContracts.swift */; };
		64DF30402E607AAD00A5CF24 /* UserListInteractor.swift in Sources */ = {isa = PBXBuildFile; fileRef = 64DF303F2E607AAD00A5CF24 /* UserListInteractor.swift */; };
		64DF304D2E6097B600A5CF24 /* UserListPresenter.swift in Sources */ = {isa = PBXBuildFile; fileRef = 64DF304C2E6097B600A5CF24 /* UserListPresenter.swift */; };
		64DF305C2E61BC7600A5CF24 /* UserPresentationModel.swift in Sources */ = {isa = PBXBuildFile; fileRef = 64DF305B2E61BC7600A5CF24 /* UserPresentationModel.swift */; };
		64DF30632E61BE9D00A5CF24 /* UserCell.swift in Sources */ = {isa = PBXBuildFile; fileRef = 64DF30622E61BE9D00A5CF24 /* UserCell.swift */; };
		64DF30652E64C4E500A5CF24 /* UserListViewController.swift in Sources */ = {isa = PBXBuildFile; fileRef = 64DF30642E64C4E500A5CF24 /* UserListViewController.swift */; };
		64DF30682E64CD0800A5CF24 /* FavoriteStorageService.swift in Sources */ = {isa = PBXBuildFile; fileRef = 64DF30672E64CD0800A5CF24 /* FavoriteStorageService.swift */; };
		64DF306A2E64D46200A5CF24 /* UserListRouter.swift in Sources */ = {isa = PBXBuildFile; fileRef = 64DF30692E64D46200A5CF24 /* UserListRouter.swift */; };
		64DF30732E68659C00A5CF24 /* UserDetail.swift in Sources */ = {isa = PBXBuildFile; fileRef = 64DF30722E68659C00A5CF24 /* UserDetail.swift */; };
		64DF30752E68667B00A5CF24 /* UserDetailContracts.swift in Sources */ = {isa = PBXBuildFile; fileRef = 64DF30742E68667B00A5CF24 /* UserDetailContracts.swift */; };
		64DF30772E686D0A00A5CF24 /* UserDetailInteractor.swift in Sources */ = {isa = PBXBuildFile; fileRef = 64DF30762E686D0A00A5CF24 /* UserDetailInteractor.swift */; };
		64DF30792E686F3500A5CF24 /* UserDetailPresenter.swift in Sources */ = {isa = PBXBuildFile; fileRef = 64DF30782E686F3500A5CF24 /* UserDetailPresenter.swift */; };
		64DF307B2E68862E00A5CF24 /* UserDetailViewController.swift in Sources */ = {isa = PBXBuildFile; fileRef = 64DF307A2E68862E00A5CF24 /* UserDetailViewController.swift */; };
		64DF307D2E695E4300A5CF24 /* UserDetailPresentationModel.swift in Sources */ = {isa = PBXBuildFile; fileRef = 64DF307C2E695E4300A5CF24 /* UserDetailPresentationModel.swift */; };
		64DF30832E69CE0800A5CF24 /* UserDetailRouter.swift in Sources */ = {isa = PBXBuildFile; fileRef = 64DF30822E69CE0800A5CF24 /* UserDetailRouter.swift */; };
		64F418442E72CFAE004ACFBD /* WelcomePagePresentationModel.swift in Sources */ = {isa = PBXBuildFile; fileRef = 64F418432E72CFAE004ACFBD /* WelcomePagePresentationModel.swift */; };
/* End PBXBuildFile section */

/* Begin PBXFileReference section */
		644ECC222E70B76800AE4A74 /* EmptyStatePresentationModel.swift */ = {isa = PBXFileReference; lastKnownFileType = sourcecode.swift; path = EmptyStatePresentationModel.swift; sourceTree = "<group>"; };
		644ECC232E70B76800AE4A74 /* EmptyStateView.swift */ = {isa = PBXFileReference; lastKnownFileType = sourcecode.swift; path = EmptyStateView.swift; sourceTree = "<group>"; };
		644ECC272E70B76F00AE4A74 /* UserFavoritesRouter.swift */ = {isa = PBXFileReference; lastKnownFileType = sourcecode.swift; path = UserFavoritesRouter.swift; sourceTree = "<group>"; };
		644ECC282E70B76F00AE4A74 /* UserFavoritesViewController.swift */ = {isa = PBXFileReference; lastKnownFileType = sourcecode.swift; path = UserFavoritesViewController.swift; sourceTree = "<group>"; };
		644ECC292E70B76F00AE4A74 /* UserFavoritesPresenter.swift */ = {isa = PBXFileReference; lastKnownFileType = sourcecode.swift; path = UserFavoritesPresenter.swift; sourceTree = "<group>"; };
		644ECC2A2E70B76F00AE4A74 /* UserFavoritesInteractor.swift */ = {isa = PBXFileReference; lastKnownFileType = sourcecode.swift; path = UserFavoritesInteractor.swift; sourceTree = "<group>"; };
		644ECC2B2E70B76F00AE4A74 /* UserFavoritesContracts.swift */ = {isa = PBXFileReference; lastKnownFileType = sourcecode.swift; path = UserFavoritesContracts.swift; sourceTree = "<group>"; };
		644ECC322E7149B100AE4A74 /* GitHubTokenResponse.swift */ = {isa = PBXFileReference; lastKnownFileType = sourcecode.swift; path = GitHubTokenResponse.swift; sourceTree = "<group>"; };
		644ECC352E714A3500AE4A74 /* LoginContracts.swift */ = {isa = PBXFileReference; lastKnownFileType = sourcecode.swift; path = LoginContracts.swift; sourceTree = "<group>"; };
		644ECC372E714A5500AE4A74 /* LoginInteractor.swift */ = {isa = PBXFileReference; lastKnownFileType = sourcecode.swift; path = LoginInteractor.swift; sourceTree = "<group>"; };
		644ECC392E714A6B00AE4A74 /* LoginPresenter.swift */ = {isa = PBXFileReference; lastKnownFileType = sourcecode.swift; path = LoginPresenter.swift; sourceTree = "<group>"; };
		644ECC3B2E714A8300AE4A74 /* LoginViewController.swift */ = {isa = PBXFileReference; lastKnownFileType = sourcecode.swift; path = LoginViewController.swift; sourceTree = "<group>"; };
		644ECC3D2E714AFF00AE4A74 /* LoginRouter.swift */ = {isa = PBXFileReference; lastKnownFileType = sourcecode.swift; path = LoginRouter.swift; sourceTree = "<group>"; };
		644ECC442E7168C500AE4A74 /* LoginPresentationModel.swift */ = {isa = PBXFileReference; lastKnownFileType = sourcecode.swift; path = LoginPresentationModel.swift; sourceTree = "<group>"; };
		644ECC4D2E72AAD800AE4A74 /* WelcomeViewController.swift */ = {isa = PBXFileReference; lastKnownFileType = sourcecode.swift; path = WelcomeViewController.swift; sourceTree = "<group>"; };
		6458CDE22E4626AF001ACBC6 /* UIVIew+Layout.swift */ = {isa = PBXFileReference; lastKnownFileType = sourcecode.swift; path = "UIVIew+Layout.swift"; sourceTree = "<group>"; };
		6458CDED2E467D52001ACBC6 /* BaseViewController.swift */ = {isa = PBXFileReference; lastKnownFileType = sourcecode.swift; path = BaseViewController.swift; sourceTree = "<group>"; };
		6458CDEF2E467D75001ACBC6 /* BaseScrollViewController.swift */ = {isa = PBXFileReference; lastKnownFileType = sourcecode.swift; path = BaseScrollViewController.swift; sourceTree = "<group>"; };
		6458CDF22E48E7A2001ACBC6 /* AvatarView.swift */ = {isa = PBXFileReference; lastKnownFileType = sourcecode.swift; path = AvatarView.swift; sourceTree = "<group>"; };
		6458CDF62E49DD6E001ACBC6 /* ProfileView.swift */ = {isa = PBXFileReference; lastKnownFileType = sourcecode.swift; path = ProfileView.swift; sourceTree = "<group>"; };
		6458CDFA2E49E2F1001ACBC6 /* GalleryView.swift */ = {isa = PBXFileReference; lastKnownFileType = sourcecode.swift; path = GalleryView.swift; sourceTree = "<group>"; };
		6458CE062E4B3E5C001ACBC6 /* QuickActionButton.swift */ = {isa = PBXFileReference; lastKnownFileType = sourcecode.swift; path = QuickActionButton.swift; sourceTree = "<group>"; };
		6458CE082E4B7689001ACBC6 /* DashboardViewController.swift */ = {isa = PBXFileReference; lastKnownFileType = sourcecode.swift; path = DashboardViewController.swift; sourceTree = "<group>"; };
		6458CE0C2E4C82C7001ACBC6 /* AvatarPresentationModel.swift */ = {isa = PBXFileReference; lastKnownFileType = sourcecode.swift; path = AvatarPresentationModel.swift; sourceTree = "<group>"; };
		6458CE102E4CA03C001ACBC6 /* ProfilePresentationModel.swift */ = {isa = PBXFileReference; lastKnownFileType = sourcecode.swift; path = ProfilePresentationModel.swift; sourceTree = "<group>"; };
		6458CE132E4CA084001ACBC6 /* QuickActionButtonPresentationModel.swift */ = {isa = PBXFileReference; lastKnownFileType = sourcecode.swift; path = QuickActionButtonPresentationModel.swift; sourceTree = "<group>"; };
		6458CE172E4CB38E001ACBC6 /* GalleryItemPresentationModel.swift */ = {isa = PBXFileReference; lastKnownFileType = sourcecode.swift; path = GalleryItemPresentationModel.swift; sourceTree = "<group>"; };
		6458CE232E4DFD3E001ACBC6 /* DashboardPresentationModel.swift */ = {isa = PBXFileReference; lastKnownFileType = sourcecode.swift; path = DashboardPresentationModel.swift; sourceTree = "<group>"; };
		6458CE2B2E4E0ACA001ACBC6 /* GalleryCell.swift */ = {isa = PBXFileReference; lastKnownFileType = sourcecode.swift; path = GalleryCell.swift; sourceTree = "<group>"; };
		6458CE312E4F0FB0001ACBC6 /* DashboardInteractor.swift */ = {isa = PBXFileReference; lastKnownFileType = sourcecode.swift; path = DashboardInteractor.swift; sourceTree = "<group>"; };
		6458CE332E4F0FD8001ACBC6 /* DashboardContracts.swift */ = {isa = PBXFileReference; lastKnownFileType = sourcecode.swift; path = DashboardContracts.swift; sourceTree = "<group>"; };
		6458CE352E4F1043001ACBC6 /* DashboardMockInteractor.swift */ = {isa = PBXFileReference; lastKnownFileType = sourcecode.swift; path = DashboardMockInteractor.swift; sourceTree = "<group>"; };
		6458CE5B2E527839001ACBC6 /* APIClient.swift */ = {isa = PBXFileReference; lastKnownFileType = sourcecode.swift; path = APIClient.swift; sourceTree = "<group>"; };
		6458CE5F2E5278E8001ACBC6 /* APIClientLive.swift */ = {isa = PBXFileReference; lastKnownFileType = sourcecode.swift; path = APIClientLive.swift; sourceTree = "<group>"; };
		6458CE652E530857001ACBC6 /* AppLoader.swift */ = {isa = PBXFileReference; lastKnownFileType = sourcecode.swift; path = AppLoader.swift; sourceTree = "<group>"; };
		6458CE672E530867001ACBC6 /* AppRouter.swift */ = {isa = PBXFileReference; lastKnownFileType = sourcecode.swift; path = AppRouter.swift; sourceTree = "<group>"; };
		6458CE6D2E530ED7001ACBC6 /* NetworkingModels.swift */ = {isa = PBXFileReference; lastKnownFileType = sourcecode.swift; path = NetworkingModels.swift; sourceTree = "<group>"; };
		6458CE732E5349C8001ACBC6 /* Secrets.xcconfig */ = {isa = PBXFileReference; lastKnownFileType = text.xcconfig; path = Secrets.xcconfig; sourceTree = "<group>"; };
		6458CE752E535ED8001ACBC6 /* .gitignore */ = {isa = PBXFileReference; lastKnownFileType = text; path = .gitignore; sourceTree = "<group>"; };
		6458CE912E56F06B001ACBC6 /* User.swift */ = {isa = PBXFileReference; lastKnownFileType = sourcecode.swift; path = User.swift; sourceTree = "<group>"; };
		6458CE932E56F0AB001ACBC6 /* UserSearchResponse.swift */ = {isa = PBXFileReference; lastKnownFileType = sourcecode.swift; path = UserSearchResponse.swift; sourceTree = "<group>"; };
		648CCD912E5C7959000496DF /* DashboardPresenter.swift */ = {isa = PBXFileReference; lastKnownFileType = sourcecode.swift; path = DashboardPresenter.swift; sourceTree = "<group>"; };
		6493A35B2E5F19EE00838779 /* DashboardRouter.swift */ = {isa = PBXFileReference; lastKnownFileType = sourcecode.swift; path = DashboardRouter.swift; sourceTree = "<group>"; };
		64AADB5A2E58517C00101001 /* ErrorView.swift */ = {isa = PBXFileReference; lastKnownFileType = sourcecode.swift; path = ErrorView.swift; sourceTree = "<group>"; };
		64BFAE212E5730B9005B9713 /* ErrorPresentationModel.swift */ = {isa = PBXFileReference; lastKnownFileType = sourcecode.swift; path = ErrorPresentationModel.swift; sourceTree = "<group>"; };
		64DF303A2E602F0A00A5CF24 /* DashboardBuilder.swift */ = {isa = PBXFileReference; lastKnownFileType = sourcecode.swift; path = DashboardBuilder.swift; sourceTree = "<group>"; };
		64DF303D2E60734C00A5CF24 /* UserListContracts.swift */ = {isa = PBXFileReference; lastKnownFileType = sourcecode.swift; path = UserListContracts.swift; sourceTree = "<group>"; };
		64DF303F2E607AAD00A5CF24 /* UserListInteractor.swift */ = {isa = PBXFileReference; lastKnownFileType = sourcecode.swift; path = UserListInteractor.swift; sourceTree = "<group>"; };
		64DF304C2E6097B600A5CF24 /* UserListPresenter.swift */ = {isa = PBXFileReference; lastKnownFileType = sourcecode.swift; path = UserListPresenter.swift; sourceTree = "<group>"; };
		64DF305B2E61BC7600A5CF24 /* UserPresentationModel.swift */ = {isa = PBXFileReference; lastKnownFileType = sourcecode.swift; path = UserPresentationModel.swift; sourceTree = "<group>"; };
		64DF30622E61BE9D00A5CF24 /* UserCell.swift */ = {isa = PBXFileReference; lastKnownFileType = sourcecode.swift; path = UserCell.swift; sourceTree = "<group>"; };
		64DF30642E64C4E500A5CF24 /* UserListViewController.swift */ = {isa = PBXFileReference; lastKnownFileType = sourcecode.swift; path = UserListViewController.swift; sourceTree = "<group>"; };
		64DF30672E64CD0800A5CF24 /* FavoriteStorageService.swift */ = {isa = PBXFileReference; lastKnownFileType = sourcecode.swift; path = FavoriteStorageService.swift; sourceTree = "<group>"; };
		64DF30692E64D46200A5CF24 /* UserListRouter.swift */ = {isa = PBXFileReference; lastKnownFileType = sourcecode.swift; path = UserListRouter.swift; sourceTree = "<group>"; };
		64DF30722E68659C00A5CF24 /* UserDetail.swift */ = {isa = PBXFileReference; lastKnownFileType = sourcecode.swift; path = UserDetail.swift; sourceTree = "<group>"; };
		64DF30742E68667B00A5CF24 /* UserDetailContracts.swift */ = {isa = PBXFileReference; lastKnownFileType = sourcecode.swift; path = UserDetailContracts.swift; sourceTree = "<group>"; };
		64DF30762E686D0A00A5CF24 /* UserDetailInteractor.swift */ = {isa = PBXFileReference; lastKnownFileType = sourcecode.swift; path = UserDetailInteractor.swift; sourceTree = "<group>"; };
		64DF30782E686F3500A5CF24 /* UserDetailPresenter.swift */ = {isa = PBXFileReference; lastKnownFileType = sourcecode.swift; path = UserDetailPresenter.swift; sourceTree = "<group>"; };
		64DF307A2E68862E00A5CF24 /* UserDetailViewController.swift */ = {isa = PBXFileReference; lastKnownFileType = sourcecode.swift; path = UserDetailViewController.swift; sourceTree = "<group>"; };
		64DF307C2E695E4300A5CF24 /* UserDetailPresentationModel.swift */ = {isa = PBXFileReference; lastKnownFileType = sourcecode.swift; path = UserDetailPresentationModel.swift; sourceTree = "<group>"; };
		64DF30822E69CE0800A5CF24 /* UserDetailRouter.swift */ = {isa = PBXFileReference; lastKnownFileType = sourcecode.swift; path = UserDetailRouter.swift; sourceTree = "<group>"; };
		64EE7C442E45D294009AFFE4 /* N11PeopleProject.app */ = {isa = PBXFileReference; explicitFileType = wrapper.application; includeInIndex = 0; path = N11PeopleProject.app; sourceTree = BUILT_PRODUCTS_DIR; };
		64F418432E72CFAE004ACFBD /* WelcomePagePresentationModel.swift */ = {isa = PBXFileReference; lastKnownFileType = sourcecode.swift; path = WelcomePagePresentationModel.swift; sourceTree = "<group>"; };
/* End PBXFileReference section */

/* Begin PBXFileSystemSynchronizedBuildFileExceptionSet section */
		64EE7C562E45D297009AFFE4 /* Exceptions for "N11PeopleProject" folder in "N11PeopleProject" target */ = {
			isa = PBXFileSystemSynchronizedBuildFileExceptionSet;
			membershipExceptions = (
				Info.plist,
			);
			target = 64EE7C432E45D294009AFFE4 /* N11PeopleProject */;
		};
/* End PBXFileSystemSynchronizedBuildFileExceptionSet section */

/* Begin PBXFileSystemSynchronizedRootGroup section */
		64EE7C462E45D294009AFFE4 /* N11PeopleProject */ = {
			isa = PBXFileSystemSynchronizedRootGroup;
			exceptions = (
				64EE7C562E45D297009AFFE4 /* Exceptions for "N11PeopleProject" folder in "N11PeopleProject" target */,
			);
			path = N11PeopleProject;
			sourceTree = "<group>";
		};
/* End PBXFileSystemSynchronizedRootGroup section */

/* Begin PBXFrameworksBuildPhase section */
		64EE7C412E45D294009AFFE4 /* Frameworks */ = {
			isa = PBXFrameworksBuildPhase;
			buildActionMask = 2147483647;
			files = (
				644ECC412E715B8E00AE4A74 /* KeychainSwift in Frameworks */,
				6458CE392E4F60F9001ACBC6 /* Kingfisher in Frameworks */,
			);
			runOnlyForDeploymentPostprocessing = 0;
		};
/* End PBXFrameworksBuildPhase section */

/* Begin PBXGroup section */
		644ECC242E70B76800AE4A74 /* EmptyStateView */ = {
			isa = PBXGroup;
			children = (
				644ECC222E70B76800AE4A74 /* EmptyStatePresentationModel.swift */,
				644ECC232E70B76800AE4A74 /* EmptyStateView.swift */,
			);
			path = EmptyStateView;
			sourceTree = "<group>";
		};
		644ECC2C2E70B76F00AE4A74 /* UserFavorites */ = {
			isa = PBXGroup;
			children = (
				644ECC272E70B76F00AE4A74 /* UserFavoritesRouter.swift */,
				644ECC282E70B76F00AE4A74 /* UserFavoritesViewController.swift */,
				644ECC292E70B76F00AE4A74 /* UserFavoritesPresenter.swift */,
				644ECC2A2E70B76F00AE4A74 /* UserFavoritesInteractor.swift */,
				644ECC2B2E70B76F00AE4A74 /* UserFavoritesContracts.swift */,
			);
			path = UserFavorites;
			sourceTree = "<group>";
		};
		644ECC342E714A2000AE4A74 /* Login */ = {
			isa = PBXGroup;
			children = (
				644ECC3B2E714A8300AE4A74 /* LoginViewController.swift */,
				644ECC352E714A3500AE4A74 /* LoginContracts.swift */,
				644ECC372E714A5500AE4A74 /* LoginInteractor.swift */,
				644ECC392E714A6B00AE4A74 /* LoginPresenter.swift */,
				644ECC3D2E714AFF00AE4A74 /* LoginRouter.swift */,
				644ECC442E7168C500AE4A74 /* LoginPresentationModel.swift */,
				644ECC4D2E72AAD800AE4A74 /* WelcomeViewController.swift */,
				64F418432E72CFAE004ACFBD /* WelcomePagePresentationModel.swift */,
			);
			path = Login;
			sourceTree = "<group>";
		};
		6458CDE12E462696001ACBC6 /* Extensions */ = {
			isa = PBXGroup;
			children = (
				6458CDE22E4626AF001ACBC6 /* UIVIew+Layout.swift */,
			);
			path = Extensions;
			sourceTree = "<group>";
		};
		6458CDEB2E467C87001ACBC6 /* Core */ = {
			isa = PBXGroup;
			children = (
				64DF30662E64CCEC00A5CF24 /* Services */,
				6458CE902E56F04A001ACBC6 /* Entities */,
				6458CE582E527765001ACBC6 /* Networking */,
				6458CDF12E48E77F001ACBC6 /* UIComponents */,
				6458CDEC2E467CB0001ACBC6 /* Base */,
				6458CDE12E462696001ACBC6 /* Extensions */,
			);
			path = Core;
			sourceTree = "<group>";
		};
		6458CDEC2E467CB0001ACBC6 /* Base */ = {
			isa = PBXGroup;
			children = (
				6458CDED2E467D52001ACBC6 /* BaseViewController.swift */,
				6458CDEF2E467D75001ACBC6 /* BaseScrollViewController.swift */,
			);
			path = Base;
			sourceTree = "<group>";
		};
		6458CDF12E48E77F001ACBC6 /* UIComponents */ = {
			isa = PBXGroup;
			children = (
				64DF30602E61BE7B00A5CF24 /* UserView */,
				64BFAE202E573064005B9713 /* ErrorView */,
				6458CE152E4CA08A001ACBC6 /* GalleryView */,
				6458CE122E4CA066001ACBC6 /* QuickActionButtonView */,
				6458CE0F2E4CA026001ACBC6 /* ProfileView */,
				6458CE0E2E4C831D001ACBC6 /* AvatarView */,
				644ECC242E70B76800AE4A74 /* EmptyStateView */,
			);
			path = UIComponents;
			sourceTree = "<group>";
		};
		6458CE0E2E4C831D001ACBC6 /* AvatarView */ = {
			isa = PBXGroup;
			children = (
				6458CDF22E48E7A2001ACBC6 /* AvatarView.swift */,
				6458CE0C2E4C82C7001ACBC6 /* AvatarPresentationModel.swift */,
			);
			path = AvatarView;
			sourceTree = "<group>";
		};
		6458CE0F2E4CA026001ACBC6 /* ProfileView */ = {
			isa = PBXGroup;
			children = (
				6458CDF62E49DD6E001ACBC6 /* ProfileView.swift */,
				6458CE102E4CA03C001ACBC6 /* ProfilePresentationModel.swift */,
			);
			path = ProfileView;
			sourceTree = "<group>";
		};
		6458CE122E4CA066001ACBC6 /* QuickActionButtonView */ = {
			isa = PBXGroup;
			children = (
				6458CE062E4B3E5C001ACBC6 /* QuickActionButton.swift */,
				6458CE132E4CA084001ACBC6 /* QuickActionButtonPresentationModel.swift */,
			);
			path = QuickActionButtonView;
			sourceTree = "<group>";
		};
		6458CE152E4CA08A001ACBC6 /* GalleryView */ = {
			isa = PBXGroup;
			children = (
				6458CE2A2E4E0A9B001ACBC6 /* Cells */,
				6458CDFA2E49E2F1001ACBC6 /* GalleryView.swift */,
				6458CE172E4CB38E001ACBC6 /* GalleryItemPresentationModel.swift */,
			);
			path = GalleryView;
			sourceTree = "<group>";
		};
		6458CE2A2E4E0A9B001ACBC6 /* Cells */ = {
			isa = PBXGroup;
			children = (
				6458CE2B2E4E0ACA001ACBC6 /* GalleryCell.swift */,
			);
			path = Cells;
			sourceTree = "<group>";
		};
		6458CE582E527765001ACBC6 /* Networking */ = {
			isa = PBXGroup;
			children = (
				6458CE5B2E527839001ACBC6 /* APIClient.swift */,
				6458CE5F2E5278E8001ACBC6 /* APIClientLive.swift */,
				6458CE6D2E530ED7001ACBC6 /* NetworkingModels.swift */,
			);
			path = Networking;
			sourceTree = "<group>";
		};
		6458CE642E530846001ACBC6 /* App */ = {
			isa = PBXGroup;
			children = (
				6458CE652E530857001ACBC6 /* AppLoader.swift */,
				6458CE672E530867001ACBC6 /* AppRouter.swift */,
			);
			path = App;
			sourceTree = "<group>";
		};
		6458CE902E56F04A001ACBC6 /* Entities */ = {
			isa = PBXGroup;
			children = (
				6458CE912E56F06B001ACBC6 /* User.swift */,
				6458CE932E56F0AB001ACBC6 /* UserSearchResponse.swift */,
				64DF30722E68659C00A5CF24 /* UserDetail.swift */,
				644ECC322E7149B100AE4A74 /* GitHubTokenResponse.swift */,
			);
			path = Entities;
			sourceTree = "<group>";
		};
		64BFAE202E573064005B9713 /* ErrorView */ = {
			isa = PBXGroup;
			children = (
				64BFAE212E5730B9005B9713 /* ErrorPresentationModel.swift */,
				64AADB5A2E58517C00101001 /* ErrorView.swift */,
			);
			path = ErrorView;
			sourceTree = "<group>";
		};
		64DF303C2E604DD800A5CF24 /* UserList */ = {
			isa = PBXGroup;
			children = (
				64DF303D2E60734C00A5CF24 /* UserListContracts.swift */,
				64DF303F2E607AAD00A5CF24 /* UserListInteractor.swift */,
				64DF304C2E6097B600A5CF24 /* UserListPresenter.swift */,
				64DF305B2E61BC7600A5CF24 /* UserPresentationModel.swift */,
				64DF30642E64C4E500A5CF24 /* UserListViewController.swift */,
				64DF30692E64D46200A5CF24 /* UserListRouter.swift */,
			);
			path = UserList;
			sourceTree = "<group>";
		};
		64DF30602E61BE7B00A5CF24 /* UserView */ = {
			isa = PBXGroup;
			children = (
				64DF30612E61BE8E00A5CF24 /* Cell */,
			);
			path = UserView;
			sourceTree = "<group>";
		};
		64DF30612E61BE8E00A5CF24 /* Cell */ = {
			isa = PBXGroup;
			children = (
				64DF30622E61BE9D00A5CF24 /* UserCell.swift */,
			);
			path = Cell;
			sourceTree = "<group>";
		};
		64DF30662E64CCEC00A5CF24 /* Services */ = {
			isa = PBXGroup;
			children = (
				64DF30672E64CD0800A5CF24 /* FavoriteStorageService.swift */,
			);
			path = Services;
			sourceTree = "<group>";
		};
		64DF30712E68648200A5CF24 /* UserDetail */ = {
			isa = PBXGroup;
			children = (
				64DF30742E68667B00A5CF24 /* UserDetailContracts.swift */,
				64DF30762E686D0A00A5CF24 /* UserDetailInteractor.swift */,
				64DF30782E686F3500A5CF24 /* UserDetailPresenter.swift */,
				64DF307A2E68862E00A5CF24 /* UserDetailViewController.swift */,
				64DF307C2E695E4300A5CF24 /* UserDetailPresentationModel.swift */,
				64DF30822E69CE0800A5CF24 /* UserDetailRouter.swift */,
			);
			path = UserDetail;
			sourceTree = "<group>";
		};
		64EE7C3B2E45D294009AFFE4 = {
			isa = PBXGroup;
			children = (
				6458CE752E535ED8001ACBC6 /* .gitignore */,
				6458CE732E5349C8001ACBC6 /* Secrets.xcconfig */,
				6458CE642E530846001ACBC6 /* App */,
				6458CDEB2E467C87001ACBC6 /* Core */,
				64EE7C5C2E45DD34009AFFE4 /* Modules */,
				64EE7C462E45D294009AFFE4 /* N11PeopleProject */,
				64EE7C452E45D294009AFFE4 /* Products */,
			);
			sourceTree = "<group>";
		};
		64EE7C452E45D294009AFFE4 /* Products */ = {
			isa = PBXGroup;
			children = (
				64EE7C442E45D294009AFFE4 /* N11PeopleProject.app */,
			);
			name = Products;
			sourceTree = "<group>";
		};
		64EE7C5C2E45DD34009AFFE4 /* Modules */ = {
			isa = PBXGroup;
			children = (
				644ECC342E714A2000AE4A74 /* Login */,
				64EE7C5D2E45DD75009AFFE4 /* Dashboard */,
				64DF30712E68648200A5CF24 /* UserDetail */,
				64DF303C2E604DD800A5CF24 /* UserList */,
				644ECC2C2E70B76F00AE4A74 /* UserFavorites */,
			);
			path = Modules;
			sourceTree = "<group>";
		};
		64EE7C5D2E45DD75009AFFE4 /* Dashboard */ = {
			isa = PBXGroup;
			children = (
				6458CE232E4DFD3E001ACBC6 /* DashboardPresentationModel.swift */,
				6458CE352E4F1043001ACBC6 /* DashboardMockInteractor.swift */,
				6458CE082E4B7689001ACBC6 /* DashboardViewController.swift */,
				6458CE312E4F0FB0001ACBC6 /* DashboardInteractor.swift */,
				648CCD912E5C7959000496DF /* DashboardPresenter.swift */,
				6458CE332E4F0FD8001ACBC6 /* DashboardContracts.swift */,
				6493A35B2E5F19EE00838779 /* DashboardRouter.swift */,
				64DF303A2E602F0A00A5CF24 /* DashboardBuilder.swift */,
			);
			path = Dashboard;
			sourceTree = "<group>";
		};
/* End PBXGroup section */

/* Begin PBXNativeTarget section */
		64EE7C432E45D294009AFFE4 /* N11PeopleProject */ = {
			isa = PBXNativeTarget;
			buildConfigurationList = 64EE7C572E45D297009AFFE4 /* Build configuration list for PBXNativeTarget "N11PeopleProject" */;
			buildPhases = (
				64EE7C402E45D294009AFFE4 /* Sources */,
				64EE7C412E45D294009AFFE4 /* Frameworks */,
				64EE7C422E45D294009AFFE4 /* Resources */,
			);
			buildRules = (
			);
			dependencies = (
			);
			fileSystemSynchronizedGroups = (
				64EE7C462E45D294009AFFE4 /* N11PeopleProject */,
			);
			name = N11PeopleProject;
			packageProductDependencies = (
				6458CE382E4F60F9001ACBC6 /* Kingfisher */,
				644ECC402E715B8E00AE4A74 /* KeychainSwift */,
			);
			productName = N11PeopleProject;
			productReference = 64EE7C442E45D294009AFFE4 /* N11PeopleProject.app */;
			productType = "com.apple.product-type.application";
		};
/* End PBXNativeTarget section */

/* Begin PBXProject section */
		64EE7C3C2E45D294009AFFE4 /* Project object */ = {
			isa = PBXProject;
			attributes = {
				BuildIndependentTargetsInParallel = 1;
				LastSwiftUpdateCheck = 1640;
				LastUpgradeCheck = 1640;
				TargetAttributes = {
					64EE7C432E45D294009AFFE4 = {
						CreatedOnToolsVersion = 16.4;
					};
				};
			};
			buildConfigurationList = 64EE7C3F2E45D294009AFFE4 /* Build configuration list for PBXProject "N11PeopleProject" */;
			developmentRegion = en;
			hasScannedForEncodings = 0;
			knownRegions = (
				en,
				Base,
			);
			mainGroup = 64EE7C3B2E45D294009AFFE4;
			minimizedProjectReferenceProxies = 1;
			packageReferences = (
				6458CE372E4F60F9001ACBC6 /* XCRemoteSwiftPackageReference "Kingfisher" */,
				644ECC3F2E715B8E00AE4A74 /* XCRemoteSwiftPackageReference "keychain-swift" */,
			);
			preferredProjectObjectVersion = 77;
			productRefGroup = 64EE7C452E45D294009AFFE4 /* Products */;
			projectDirPath = "";
			projectRoot = "";
			targets = (
				64EE7C432E45D294009AFFE4 /* N11PeopleProject */,
			);
		};
/* End PBXProject section */

/* Begin PBXResourcesBuildPhase section */
		64EE7C422E45D294009AFFE4 /* Resources */ = {
			isa = PBXResourcesBuildPhase;
			buildActionMask = 2147483647;
			files = (
				6458CE762E535EDE001ACBC6 /* .gitignore in Resources */,
				6458CE742E5349C8001ACBC6 /* Secrets.xcconfig in Resources */,
			);
			runOnlyForDeploymentPostprocessing = 0;
		};
/* End PBXResourcesBuildPhase section */

/* Begin PBXSourcesBuildPhase section */
		64EE7C402E45D294009AFFE4 /* Sources */ = {
			isa = PBXSourcesBuildPhase;
			buildActionMask = 2147483647;
			files = (
				64DF303B2E602F0A00A5CF24 /* DashboardBuilder.swift in Sources */,
				64DF30682E64CD0800A5CF24 /* FavoriteStorageService.swift in Sources */,
				64DF304D2E6097B600A5CF24 /* UserListPresenter.swift in Sources */,
				644ECC332E7149B100AE4A74 /* GitHubTokenResponse.swift in Sources */,
				64DF30402E607AAD00A5CF24 /* UserListInteractor.swift in Sources */,
				64DF30752E68667B00A5CF24 /* UserDetailContracts.swift in Sources */,
				6458CE922E56F06B001ACBC6 /* User.swift in Sources */,
				6458CE242E4DFD3E001ACBC6 /* DashboardPresentationModel.swift in Sources */,
				6458CDF72E49DD6E001ACBC6 /* ProfileView.swift in Sources */,
				644ECC4E2E72AAD800AE4A74 /* WelcomeViewController.swift in Sources */,
				6458CDE32E4626AF001ACBC6 /* UIVIew+Layout.swift in Sources */,
				6458CE0D2E4C82C7001ACBC6 /* AvatarPresentationModel.swift in Sources */,
				64DF307B2E68862E00A5CF24 /* UserDetailViewController.swift in Sources */,
				64DF306A2E64D46200A5CF24 /* UserListRouter.swift in Sources */,
				644ECC2D2E70B76F00AE4A74 /* UserFavoritesRouter.swift in Sources */,
				644ECC2E2E70B76F00AE4A74 /* UserFavoritesViewController.swift in Sources */,
				644ECC2F2E70B76F00AE4A74 /* UserFavoritesPresenter.swift in Sources */,
				644ECC302E70B76F00AE4A74 /* UserFavoritesContracts.swift in Sources */,
				644ECC312E70B76F00AE4A74 /* UserFavoritesInteractor.swift in Sources */,
				644ECC3A2E714A6B00AE4A74 /* LoginPresenter.swift in Sources */,
				6458CE342E4F0FD8001ACBC6 /* DashboardContracts.swift in Sources */,
				64DF30832E69CE0800A5CF24 /* UserDetailRouter.swift in Sources */,
				644ECC382E714A5500AE4A74 /* LoginInteractor.swift in Sources */,
				6458CE5C2E527839001ACBC6 /* APIClient.swift in Sources */,
				644ECC3C2E714A8300AE4A74 /* LoginViewController.swift in Sources */,
				6458CE6E2E530ED7001ACBC6 /* NetworkingModels.swift in Sources */,
				6458CE682E530867001ACBC6 /* AppRouter.swift in Sources */,
				64DF30772E686D0A00A5CF24 /* UserDetailInteractor.swift in Sources */,
				6458CE112E4CA03C001ACBC6 /* ProfilePresentationModel.swift in Sources */,
				644ECC362E714A3500AE4A74 /* LoginContracts.swift in Sources */,
				648CCD922E5C7959000496DF /* DashboardPresenter.swift in Sources */,
				6493A35C2E5F19EF00838779 /* DashboardRouter.swift in Sources */,
				6458CE182E4CB38E001ACBC6 /* GalleryItemPresentationModel.swift in Sources */,
				6458CDF02E467D75001ACBC6 /* BaseScrollViewController.swift in Sources */,
				6458CDF32E48E7A2001ACBC6 /* AvatarView.swift in Sources */,
				6458CE322E4F0FB0001ACBC6 /* DashboardInteractor.swift in Sources */,
				64F418442E72CFAE004ACFBD /* WelcomePagePresentationModel.swift in Sources */,
				6458CE072E4B3E5C001ACBC6 /* QuickActionButton.swift in Sources */,
				64BFAE222E5730B9005B9713 /* ErrorPresentationModel.swift in Sources */,
				64DF30792E686F3500A5CF24 /* UserDetailPresenter.swift in Sources */,
				644ECC3E2E714AFF00AE4A74 /* LoginRouter.swift in Sources */,
				6458CE092E4B7689001ACBC6 /* DashboardViewController.swift in Sources */,
				64DF307D2E695E4300A5CF24 /* UserDetailPresentationModel.swift in Sources */,
				6458CE602E5278E8001ACBC6 /* APIClientLive.swift in Sources */,
				64DF30732E68659C00A5CF24 /* UserDetail.swift in Sources */,
				6458CE2C2E4E0ACA001ACBC6 /* GalleryCell.swift in Sources */,
				6458CE942E56F0AB001ACBC6 /* UserSearchResponse.swift in Sources */,
				6458CE362E4F1043001ACBC6 /* DashboardMockInteractor.swift in Sources */,
				6458CDFB2E49E2F1001ACBC6 /* GalleryView.swift in Sources */,
				64DF30652E64C4E500A5CF24 /* UserListViewController.swift in Sources */,
				644ECC252E70B76800AE4A74 /* EmptyStateView.swift in Sources */,
				644ECC262E70B76800AE4A74 /* EmptyStatePresentationModel.swift in Sources */,
				6458CDEE2E467D52001ACBC6 /* BaseViewController.swift in Sources */,
				64AADB5B2E58517C00101001 /* ErrorView.swift in Sources */,
				644ECC452E7168C500AE4A74 /* LoginPresentationModel.swift in Sources */,
				6458CE142E4CA084001ACBC6 /* QuickActionButtonPresentationModel.swift in Sources */,
				64DF303E2E60734C00A5CF24 /* UserListContracts.swift in Sources */,
				6458CE662E530857001ACBC6 /* AppLoader.swift in Sources */,
				64DF30632E61BE9D00A5CF24 /* UserCell.swift in Sources */,
				64DF305C2E61BC7600A5CF24 /* UserPresentationModel.swift in Sources */,
			);
			runOnlyForDeploymentPostprocessing = 0;
		};
/* End PBXSourcesBuildPhase section */

/* Begin XCBuildConfiguration section */
		64EE7C582E45D297009AFFE4 /* Debug */ = {
			isa = XCBuildConfiguration;
			baseConfigurationReference = 6458CE732E5349C8001ACBC6 /* Secrets.xcconfig */;
			buildSettings = {
				ASSETCATALOG_COMPILER_APPICON_NAME = AppIcon;
				ASSETCATALOG_COMPILER_GLOBAL_ACCENT_COLOR_NAME = AccentColor;
				CODE_SIGN_STYLE = Automatic;
				CURRENT_PROJECT_VERSION = 1;
				DEVELOPMENT_TEAM = F8M7VY722P;
				GENERATE_INFOPLIST_FILE = YES;
				INFOPLIST_FILE = N11PeopleProject/Info.plist;
				INFOPLIST_KEY_UIApplicationSupportsIndirectInputEvents = YES;
				INFOPLIST_KEY_UILaunchStoryboardName = LaunchScreen;
				INFOPLIST_KEY_UIMainStoryboardFile = "";
				INFOPLIST_KEY_UIStatusBarStyle = "";
				INFOPLIST_KEY_UISupportedInterfaceOrientations_iPad = "UIInterfaceOrientationPortrait UIInterfaceOrientationPortraitUpsideDown UIInterfaceOrientationLandscapeLeft UIInterfaceOrientationLandscapeRight";
				INFOPLIST_KEY_UISupportedInterfaceOrientations_iPhone = "UIInterfaceOrientationPortrait UIInterfaceOrientationLandscapeLeft UIInterfaceOrientationLandscapeRight";
				IPHONEOS_DEPLOYMENT_TARGET = 16.6;
				LD_RUNPATH_SEARCH_PATHS = (
					"$(inherited)",
					"@executable_path/Frameworks",
				);
				MARKETING_VERSION = 1.0;
				PRODUCT_BUNDLE_IDENTIFIER = iremkarakaplan.N11PeopleProject;
				PRODUCT_NAME = "$(TARGET_NAME)";
				SUPPORTED_PLATFORMS = "iphoneos iphonesimulator";
				SUPPORTS_MACCATALYST = NO;
				SUPPORTS_MAC_DESIGNED_FOR_IPHONE_IPAD = NO;
				SUPPORTS_XR_DESIGNED_FOR_IPHONE_IPAD = NO;
				SWIFT_EMIT_LOC_STRINGS = YES;
				SWIFT_VERSION = 5.0;
				TARGETED_DEVICE_FAMILY = 1;
			};
			name = Debug;
		};
		64EE7C592E45D297009AFFE4 /* Release */ = {
			isa = XCBuildConfiguration;
			baseConfigurationReference = 6458CE732E5349C8001ACBC6 /* Secrets.xcconfig */;
			buildSettings = {
				ASSETCATALOG_COMPILER_APPICON_NAME = AppIcon;
				ASSETCATALOG_COMPILER_GLOBAL_ACCENT_COLOR_NAME = AccentColor;
				CODE_SIGN_STYLE = Automatic;
				CURRENT_PROJECT_VERSION = 1;
				DEVELOPMENT_TEAM = F8M7VY722P;
				GENERATE_INFOPLIST_FILE = YES;
				INFOPLIST_FILE = N11PeopleProject/Info.plist;
				INFOPLIST_KEY_UIApplicationSupportsIndirectInputEvents = YES;
				INFOPLIST_KEY_UILaunchStoryboardName = LaunchScreen;
				INFOPLIST_KEY_UIMainStoryboardFile = "";
				INFOPLIST_KEY_UIStatusBarStyle = "";
				INFOPLIST_KEY_UISupportedInterfaceOrientations_iPad = "UIInterfaceOrientationPortrait UIInterfaceOrientationPortraitUpsideDown UIInterfaceOrientationLandscapeLeft UIInterfaceOrientationLandscapeRight";
				INFOPLIST_KEY_UISupportedInterfaceOrientations_iPhone = "UIInterfaceOrientationPortrait UIInterfaceOrientationLandscapeLeft UIInterfaceOrientationLandscapeRight";
				IPHONEOS_DEPLOYMENT_TARGET = 16.6;
				LD_RUNPATH_SEARCH_PATHS = (
					"$(inherited)",
					"@executable_path/Frameworks",
				);
				MARKETING_VERSION = 1.0;
				PRODUCT_BUNDLE_IDENTIFIER = iremkarakaplan.N11PeopleProject;
				PRODUCT_NAME = "$(TARGET_NAME)";
				SUPPORTED_PLATFORMS = "iphoneos iphonesimulator";
				SUPPORTS_MACCATALYST = NO;
				SUPPORTS_MAC_DESIGNED_FOR_IPHONE_IPAD = NO;
				SUPPORTS_XR_DESIGNED_FOR_IPHONE_IPAD = NO;
				SWIFT_EMIT_LOC_STRINGS = YES;
				SWIFT_VERSION = 5.0;
				TARGETED_DEVICE_FAMILY = 1;
			};
			name = Release;
		};
		64EE7C5A2E45D297009AFFE4 /* Debug */ = {
			isa = XCBuildConfiguration;
			baseConfigurationReference = 6458CE732E5349C8001ACBC6 /* Secrets.xcconfig */;
			buildSettings = {
				ALWAYS_SEARCH_USER_PATHS = NO;
				ASSETCATALOG_COMPILER_GENERATE_SWIFT_ASSET_SYMBOL_EXTENSIONS = YES;
				CLANG_ANALYZER_NONNULL = YES;
				CLANG_ANALYZER_NUMBER_OBJECT_CONVERSION = YES_AGGRESSIVE;
				CLANG_CXX_LANGUAGE_STANDARD = "gnu++20";
				CLANG_ENABLE_MODULES = YES;
				CLANG_ENABLE_OBJC_ARC = YES;
				CLANG_ENABLE_OBJC_WEAK = YES;
				CLANG_WARN_BLOCK_CAPTURE_AUTORELEASING = YES;
				CLANG_WARN_BOOL_CONVERSION = YES;
				CLANG_WARN_COMMA = YES;
				CLANG_WARN_CONSTANT_CONVERSION = YES;
				CLANG_WARN_DEPRECATED_OBJC_IMPLEMENTATIONS = YES;
				CLANG_WARN_DIRECT_OBJC_ISA_USAGE = YES_ERROR;
				CLANG_WARN_DOCUMENTATION_COMMENTS = YES;
				CLANG_WARN_EMPTY_BODY = YES;
				CLANG_WARN_ENUM_CONVERSION = YES;
				CLANG_WARN_INFINITE_RECURSION = YES;
				CLANG_WARN_INT_CONVERSION = YES;
				CLANG_WARN_NON_LITERAL_NULL_CONVERSION = YES;
				CLANG_WARN_OBJC_IMPLICIT_RETAIN_SELF = YES;
				CLANG_WARN_OBJC_LITERAL_CONVERSION = YES;
				CLANG_WARN_OBJC_ROOT_CLASS = YES_ERROR;
				CLANG_WARN_QUOTED_INCLUDE_IN_FRAMEWORK_HEADER = YES;
				CLANG_WARN_RANGE_LOOP_ANALYSIS = YES;
				CLANG_WARN_STRICT_PROTOTYPES = YES;
				CLANG_WARN_SUSPICIOUS_MOVE = YES;
				CLANG_WARN_UNGUARDED_AVAILABILITY = YES_AGGRESSIVE;
				CLANG_WARN_UNREACHABLE_CODE = YES;
				CLANG_WARN__DUPLICATE_METHOD_MATCH = YES;
				COPY_PHASE_STRIP = NO;
				DEBUG_INFORMATION_FORMAT = dwarf;
				DEVELOPMENT_TEAM = F8M7VY722P;
				ENABLE_STRICT_OBJC_MSGSEND = YES;
				ENABLE_TESTABILITY = YES;
				ENABLE_USER_SCRIPT_SANDBOXING = YES;
				GCC_C_LANGUAGE_STANDARD = gnu17;
				GCC_DYNAMIC_NO_PIC = NO;
				GCC_NO_COMMON_BLOCKS = YES;
				GCC_OPTIMIZATION_LEVEL = 0;
				GCC_PREPROCESSOR_DEFINITIONS = (
					"DEBUG=1",
					"$(inherited)",
				);
				GCC_WARN_64_TO_32_BIT_CONVERSION = YES;
				GCC_WARN_ABOUT_RETURN_TYPE = YES_ERROR;
				GCC_WARN_UNDECLARED_SELECTOR = YES;
				GCC_WARN_UNINITIALIZED_AUTOS = YES_AGGRESSIVE;
				GCC_WARN_UNUSED_FUNCTION = YES;
				GCC_WARN_UNUSED_VARIABLE = YES;
				IPHONEOS_DEPLOYMENT_TARGET = 18.5;
				LOCALIZATION_PREFERS_STRING_CATALOGS = YES;
				MTL_ENABLE_DEBUG_INFO = INCLUDE_SOURCE;
				MTL_FAST_MATH = YES;
				ONLY_ACTIVE_ARCH = YES;
				SDKROOT = iphoneos;
				SWIFT_ACTIVE_COMPILATION_CONDITIONS = "DEBUG $(inherited)";
				SWIFT_OPTIMIZATION_LEVEL = "-Onone";
			};
			name = Debug;
		};
		64EE7C5B2E45D297009AFFE4 /* Release */ = {
			isa = XCBuildConfiguration;
			baseConfigurationReference = 6458CE732E5349C8001ACBC6 /* Secrets.xcconfig */;
			buildSettings = {
				ALWAYS_SEARCH_USER_PATHS = NO;
				ASSETCATALOG_COMPILER_GENERATE_SWIFT_ASSET_SYMBOL_EXTENSIONS = YES;
				CLANG_ANALYZER_NONNULL = YES;
				CLANG_ANALYZER_NUMBER_OBJECT_CONVERSION = YES_AGGRESSIVE;
				CLANG_CXX_LANGUAGE_STANDARD = "gnu++20";
				CLANG_ENABLE_MODULES = YES;
				CLANG_ENABLE_OBJC_ARC = YES;
				CLANG_ENABLE_OBJC_WEAK = YES;
				CLANG_WARN_BLOCK_CAPTURE_AUTORELEASING = YES;
				CLANG_WARN_BOOL_CONVERSION = YES;
				CLANG_WARN_COMMA = YES;
				CLANG_WARN_CONSTANT_CONVERSION = YES;
				CLANG_WARN_DEPRECATED_OBJC_IMPLEMENTATIONS = YES;
				CLANG_WARN_DIRECT_OBJC_ISA_USAGE = YES_ERROR;
				CLANG_WARN_DOCUMENTATION_COMMENTS = YES;
				CLANG_WARN_EMPTY_BODY = YES;
				CLANG_WARN_ENUM_CONVERSION = YES;
				CLANG_WARN_INFINITE_RECURSION = YES;
				CLANG_WARN_INT_CONVERSION = YES;
				CLANG_WARN_NON_LITERAL_NULL_CONVERSION = YES;
				CLANG_WARN_OBJC_IMPLICIT_RETAIN_SELF = YES;
				CLANG_WARN_OBJC_LITERAL_CONVERSION = YES;
				CLANG_WARN_OBJC_ROOT_CLASS = YES_ERROR;
				CLANG_WARN_QUOTED_INCLUDE_IN_FRAMEWORK_HEADER = YES;
				CLANG_WARN_RANGE_LOOP_ANALYSIS = YES;
				CLANG_WARN_STRICT_PROTOTYPES = YES;
				CLANG_WARN_SUSPICIOUS_MOVE = YES;
				CLANG_WARN_UNGUARDED_AVAILABILITY = YES_AGGRESSIVE;
				CLANG_WARN_UNREACHABLE_CODE = YES;
				CLANG_WARN__DUPLICATE_METHOD_MATCH = YES;
				COPY_PHASE_STRIP = NO;
				DEBUG_INFORMATION_FORMAT = "dwarf-with-dsym";
				DEVELOPMENT_TEAM = F8M7VY722P;
				ENABLE_NS_ASSERTIONS = NO;
				ENABLE_STRICT_OBJC_MSGSEND = YES;
				ENABLE_USER_SCRIPT_SANDBOXING = YES;
				GCC_C_LANGUAGE_STANDARD = gnu17;
				GCC_NO_COMMON_BLOCKS = YES;
				GCC_WARN_64_TO_32_BIT_CONVERSION = YES;
				GCC_WARN_ABOUT_RETURN_TYPE = YES_ERROR;
				GCC_WARN_UNDECLARED_SELECTOR = YES;
				GCC_WARN_UNINITIALIZED_AUTOS = YES_AGGRESSIVE;
				GCC_WARN_UNUSED_FUNCTION = YES;
				GCC_WARN_UNUSED_VARIABLE = YES;
				IPHONEOS_DEPLOYMENT_TARGET = 18.5;
				LOCALIZATION_PREFERS_STRING_CATALOGS = YES;
				MTL_ENABLE_DEBUG_INFO = NO;
				MTL_FAST_MATH = YES;
				SDKROOT = iphoneos;
				SWIFT_COMPILATION_MODE = wholemodule;
				VALIDATE_PRODUCT = YES;
			};
			name = Release;
		};
/* End XCBuildConfiguration section */

/* Begin XCConfigurationList section */
		64EE7C3F2E45D294009AFFE4 /* Build configuration list for PBXProject "N11PeopleProject" */ = {
			isa = XCConfigurationList;
			buildConfigurations = (
				64EE7C5A2E45D297009AFFE4 /* Debug */,
				64EE7C5B2E45D297009AFFE4 /* Release */,
			);
			defaultConfigurationIsVisible = 0;
			defaultConfigurationName = Release;
		};
		64EE7C572E45D297009AFFE4 /* Build configuration list for PBXNativeTarget "N11PeopleProject" */ = {
			isa = XCConfigurationList;
			buildConfigurations = (
				64EE7C582E45D297009AFFE4 /* Debug */,
				64EE7C592E45D297009AFFE4 /* Release */,
			);
			defaultConfigurationIsVisible = 0;
			defaultConfigurationName = Release;
		};
/* End XCConfigurationList section */

/* Begin XCRemoteSwiftPackageReference section */
		644ECC3F2E715B8E00AE4A74 /* XCRemoteSwiftPackageReference "keychain-swift" */ = {
			isa = XCRemoteSwiftPackageReference;
			repositoryURL = "https://github.com/evgenyneu/keychain-swift.git";
			requirement = {
				kind = upToNextMajorVersion;
				minimumVersion = 24.0.0;
			};
		};
		6458CE372E4F60F9001ACBC6 /* XCRemoteSwiftPackageReference "Kingfisher" */ = {
			isa = XCRemoteSwiftPackageReference;
			repositoryURL = "https://github.com/onevcat/Kingfisher";
			requirement = {
				kind = upToNextMajorVersion;
				minimumVersion = 8.5.0;
			};
		};
/* End XCRemoteSwiftPackageReference section */

/* Begin XCSwiftPackageProductDependency section */
		644ECC402E715B8E00AE4A74 /* KeychainSwift */ = {
			isa = XCSwiftPackageProductDependency;
			package = 644ECC3F2E715B8E00AE4A74 /* XCRemoteSwiftPackageReference "keychain-swift" */;
			productName = KeychainSwift;
		};
		6458CE382E4F60F9001ACBC6 /* Kingfisher */ = {
			isa = XCSwiftPackageProductDependency;
			package = 6458CE372E4F60F9001ACBC6 /* XCRemoteSwiftPackageReference "Kingfisher" */;
			productName = Kingfisher;
		};
/* End XCSwiftPackageProductDependency section */
	};
	rootObject = 64EE7C3C2E45D294009AFFE4 /* Project object */;
}